
Microsoft Visual Studio Solution File, Format Version 12.00
# Visual Studio Version 17
VisualStudioVersion = 17.2.32630.192
MinimumVisualStudioVersion = 10.0.40219.1
Project("{9A19103F-16F7-4668-BE54-9A1E7A4F7556}") = "R5T.S0080", "R5T.S0080\R5T.S0080.csproj", "{A8DD6DC3-BD37-49B6-B771-99980FB25361}"
EndProject
Project("{2150E333-8FDC-42A3-9474-1A3956D46DE8}") = "_Dependencies", "_Dependencies", "{69D12C25-2164-4FAB-BB23-6C022B4D31BE}"
EndProject
Project("{9A19103F-16F7-4668-BE54-9A1E7A4F7556}") = "R5T.F0000", "..\..\R5T.F0000\source\R5T.F0000\R5T.F0000.csproj", "{34F67F3B-308C-460B-AA52-08FD08A9B950}"
EndProject
Project("{9A19103F-16F7-4668-BE54-9A1E7A4F7556}") = "R5T.F0002", "..\..\R5T.F0002\source\R5T.F0002\R5T.F0002.csproj", "{D10063CD-833E-4C95-A87B-44BDE94C74B8}"
EndProject
Project("{9A19103F-16F7-4668-BE54-9A1E7A4F7556}") = "R5T.F0020", "..\..\R5T.F0020\source\R5T.F0020\R5T.F0020.csproj", "{B33F762B-A81C-45B9-B055-2B0DFEFEDDF0}"
EndProject
Project("{9A19103F-16F7-4668-BE54-9A1E7A4F7556}") = "R5T.F0033.Platform", "..\..\R5T.F0033\source\R5T.F0033.Platform\R5T.F0033.Platform.csproj", "{51C60CF9-34B3-4608-B799-78C94F9A7DEE}"
EndProject
Project("{9A19103F-16F7-4668-BE54-9A1E7A4F7556}") = "R5T.F0033", "..\..\R5T.F0033\source\R5T.F0033\R5T.F0033.csproj", "{575F4CFD-5D5B-4632-94C1-C55CE8A0DD04}"
EndProject
Project("{9A19103F-16F7-4668-BE54-9A1E7A4F7556}") = "R5T.F0034.Platform", "..\..\R5T.F0034\source\R5T.F0034.Platform\R5T.F0034.Platform.csproj", "{EECF6558-6DC4-4A4D-A691-C97B5E4BDB22}"
EndProject
Project("{9A19103F-16F7-4668-BE54-9A1E7A4F7556}") = "R5T.F0034", "..\..\R5T.F0034\source\R5T.F0034\R5T.F0034.csproj", "{990AA171-B855-405A-8575-11FD35ABE74D}"
EndProject
Project("{9A19103F-16F7-4668-BE54-9A1E7A4F7556}") = "R5T.F0035.F001", "..\..\R5T.F0035\source\R5T.F0035.F001\R5T.F0035.F001.csproj", "{09428A58-85B1-4A79-95BC-E33EDABD6DFF}"
EndProject
Project("{9A19103F-16F7-4668-BE54-9A1E7A4F7556}") = "R5T.F0040.F000", "..\..\R5T.F0040\source\R5T.F0040.F000\R5T.F0040.F000.csproj", "{2911ED1E-58DF-4C00-B7B9-2B14EC06A9EE}"
EndProject
Project("{9A19103F-16F7-4668-BE54-9A1E7A4F7556}") = "R5T.F0040", "..\..\R5T.F0040\source\R5T.F0040\R5T.F0040.csproj", "{39F52419-EA37-4B78-8F2D-F5F97EB7B97D}"
EndProject
Project("{9A19103F-16F7-4668-BE54-9A1E7A4F7556}") = "R5T.F0059", "..\..\R5T.F0059\source\R5T.F0059\R5T.F0059.csproj", "{29C79C27-A078-4947-8D31-785BE558CAD1}"
EndProject
Project("{9A19103F-16F7-4668-BE54-9A1E7A4F7556}") = "R5T.F0120", "..\..\R5T.F0120\source\R5T.F0120\R5T.F0120.csproj", "{E705B7E2-DD90-4526-9831-2037679D413A}"
EndProject
Project("{9A19103F-16F7-4668-BE54-9A1E7A4F7556}") = "R5T.F0124", "..\..\R5T.F0124\source\R5T.F0124\R5T.F0124.csproj", "{A03D05B3-4AFD-4CA1-9FF1-4E87EC5E9C77}"
EndProject
Project("{9A19103F-16F7-4668-BE54-9A1E7A4F7556}") = "R5T.F0125", "..\..\R5T.F0125\source\R5T.F0125\R5T.F0125.csproj", "{2C72289E-B3A4-49E0-9E3D-5504C84110EE}"
EndProject
Project("{9A19103F-16F7-4668-BE54-9A1E7A4F7556}") = "R5T.F0138", "..\..\R5T.F0138\source\R5T.F0138\R5T.F0138.csproj", "{1EA80175-A380-45C9-A684-AD76486704AB}"
EndProject
Project("{9A19103F-16F7-4668-BE54-9A1E7A4F7556}") = "R5T.F0139", "..\..\R5T.F0139\source\R5T.F0139\R5T.F0139.csproj", "{A6EB04EE-E388-4A65-97CB-457B6064C9DA}"
EndProject
Project("{9A19103F-16F7-4668-BE54-9A1E7A4F7556}") = "R5T.F0140", "..\..\R5T.F0140\source\R5T.F0140\R5T.F0140.csproj", "{F8BD1D44-5A48-46BE-A966-B6BCF1F2BB99}"
EndProject
Project("{9A19103F-16F7-4668-BE54-9A1E7A4F7556}") = "R5T.L0030.T000", "..\..\R5T.L0030\source\R5T.L0030.T000\R5T.L0030.T000.csproj", "{5051F5A9-E93E-4E23-8491-361854B396B3}"
EndProject
Project("{9A19103F-16F7-4668-BE54-9A1E7A4F7556}") = "R5T.L0030", "..\..\R5T.L0030\source\R5T.L0030\R5T.L0030.csproj", "{9C303003-3DF6-43B0-81DF-8176B6F9CE70}"
EndProject
Project("{9A19103F-16F7-4668-BE54-9A1E7A4F7556}") = "R5T.L0032.T000", "..\..\R5T.L0032\source\R5T.L0032.T000\R5T.L0032.T000.csproj", "{BCD52DE3-05D4-42B6-9403-EBECE4B66CBF}"
EndProject
Project("{9A19103F-16F7-4668-BE54-9A1E7A4F7556}") = "R5T.L0034", "..\..\R5T.L0034\source\R5T.L0034\R5T.L0034.csproj", "{6C680357-84F6-4EF8-98AA-A87EED62644E}"
EndProject
Project("{9A19103F-16F7-4668-BE54-9A1E7A4F7556}") = "R5T.L0035", "..\..\R5T.L0035\source\R5T.L0035\R5T.L0035.csproj", "{A2269848-BBFE-48D0-9A4A-BB6A43AC7E80}"
EndProject
Project("{9A19103F-16F7-4668-BE54-9A1E7A4F7556}") = "R5T.L0053", "..\..\R5T.L0053\source\R5T.L0053\R5T.L0053.csproj", "{5FF998ED-8609-42B8-AE91-F407C180C582}"
EndProject
Project("{9A19103F-16F7-4668-BE54-9A1E7A4F7556}") = "R5T.L0055", "..\..\R5T.L0055\source\R5T.L0055\R5T.L0055.csproj", "{CC331913-0AD2-42CD-BAF6-36A01B3B14DC}"
EndProject
Project("{9A19103F-16F7-4668-BE54-9A1E7A4F7556}") = "R5T.L0056", "..\..\R5T.L0056\source\R5T.L0056\R5T.L0056.csproj", "{9E9ACC18-6973-4E87-936A-700E3B2C515B}"
EndProject
Project("{9A19103F-16F7-4668-BE54-9A1E7A4F7556}") = "R5T.L0057", "..\..\R5T.L0057\source\R5T.L0057\R5T.L0057.csproj", "{11E4037A-824D-44C1-851C-F7DC63EE862F}"
EndProject
Project("{9A19103F-16F7-4668-BE54-9A1E7A4F7556}") = "R5T.L0058", "..\..\R5T.L0058\source\R5T.L0058\R5T.L0058.csproj", "{CA401057-A041-401A-B6D8-4BCAF5B1C821}"
EndProject
Project("{9A19103F-16F7-4668-BE54-9A1E7A4F7556}") = "R5T.L0061", "..\..\R5T.L0061\source\R5T.L0061\R5T.L0061.csproj", "{B29DF0A8-27DD-44F8-A3A2-F3ED0884140D}"
EndProject
Project("{9A19103F-16F7-4668-BE54-9A1E7A4F7556}") = "R5T.L0064.F001", "..\..\R5T.L0064\source\R5T.L0064.F001\R5T.L0064.F001.csproj", "{9EB190D3-DA83-4FE6-99F6-0A70FF6604B6}"
EndProject
Project("{9A19103F-16F7-4668-BE54-9A1E7A4F7556}") = "R5T.L0066", "..\..\R5T.L0066\source\R5T.L0066\R5T.L0066.csproj", "{7A79D551-3498-466A-8BB4-9FB99FE7222C}"
EndProject
Project("{9A19103F-16F7-4668-BE54-9A1E7A4F7556}") = "R5T.NG0002", "..\..\R5T.NG0002\source\R5T.NG0002\R5T.NG0002.csproj", "{FDE955CE-0F38-4435-9886-3D5B9593F877}"
EndProject
Project("{9A19103F-16F7-4668-BE54-9A1E7A4F7556}") = "R5T.NG0006", "..\..\R5T.NG0006\source\R5T.NG0006\R5T.NG0006.csproj", "{C213A4A4-62EB-4876-9BC9-283793F05B6C}"
EndProject
Project("{9A19103F-16F7-4668-BE54-9A1E7A4F7556}") = "R5T.NG0007", "..\..\R5T.NG0007\source\R5T.NG0007\R5T.NG0007.csproj", "{72AB83C2-4A27-418D-888B-F26084577C82}"
EndProject
Project("{9A19103F-16F7-4668-BE54-9A1E7A4F7556}") = "R5T.NG0010", "..\..\R5T.NG0010\source\R5T.NG0010\R5T.NG0010.csproj", "{90B59309-4C9E-4152-ABB8-8AC8841066F1}"
EndProject
Project("{9A19103F-16F7-4668-BE54-9A1E7A4F7556}") = "R5T.NG0022", "..\..\R5T.NG0022\source\R5T.NG0022\R5T.NG0022.csproj", "{DAE987AC-2ECD-48C9-982F-294D4DD99ECE}"
EndProject
Project("{9A19103F-16F7-4668-BE54-9A1E7A4F7556}") = "R5T.T0131", "..\..\R5T.T0131\source\R5T.T0131\R5T.T0131.csproj", "{4758E468-49D5-42C8-81AC-2843CD158963}"
EndProject
Project("{9A19103F-16F7-4668-BE54-9A1E7A4F7556}") = "R5T.T0132", "..\..\R5T.T0132\source\R5T.T0132\R5T.T0132.csproj", "{0C8F8096-8C60-445B-A8A3-A2547F02F201}"
EndProject
Project("{9A19103F-16F7-4668-BE54-9A1E7A4F7556}") = "R5T.T0141", "..\..\R5T.T0141\source\R5T.T0141\R5T.T0141.csproj", "{105F2FF3-49D6-4AB1-B663-A945619A52C2}"
EndProject
Project("{9A19103F-16F7-4668-BE54-9A1E7A4F7556}") = "R5T.T0142", "..\..\R5T.T0142\source\R5T.T0142\R5T.T0142.csproj", "{2321FBAD-B7F1-448A-B85C-4355F6B16E21}"
EndProject
Project("{9A19103F-16F7-4668-BE54-9A1E7A4F7556}") = "R5T.T0143", "..\..\R5T.T0143\source\R5T.T0143\R5T.T0143.csproj", "{1CF30F50-B2A7-4E36-95C8-6D7AEC8505C1}"
EndProject
Project("{9A19103F-16F7-4668-BE54-9A1E7A4F7556}") = "R5T.T0148", "..\..\R5T.T0148\source\R5T.T0148\R5T.T0148.csproj", "{FC9B8F50-9279-4537-A222-031F6AF96C5F}"
EndProject
Project("{9A19103F-16F7-4668-BE54-9A1E7A4F7556}") = "R5T.T0150", "..\..\R5T.T0150\source\R5T.T0150\R5T.T0150.csproj", "{6F2AD510-5827-4D2C-851A-77544CE70B6B}"
EndProject
Project("{9A19103F-16F7-4668-BE54-9A1E7A4F7556}") = "R5T.T0151", "..\..\R5T.T0151\source\R5T.T0151\R5T.T0151.csproj", "{392C4BC4-7132-454B-A005-B39E07C99641}"
EndProject
Project("{9A19103F-16F7-4668-BE54-9A1E7A4F7556}") = "R5T.T0152", "..\..\R5T.T0152\source\R5T.T0152\R5T.T0152.csproj", "{1C1203A5-AE73-4629-80F2-442993E46838}"
EndProject
Project("{9A19103F-16F7-4668-BE54-9A1E7A4F7556}") = "R5T.T0156", "..\..\R5T.T0156\source\R5T.T0156\R5T.T0156.csproj", "{F17F3879-2AA0-4D85-852F-DBF0644FBA02}"
EndProject
Project("{9A19103F-16F7-4668-BE54-9A1E7A4F7556}") = "R5T.T0158.F000", "..\..\R5T.T0158\source\R5T.T0158.F000\R5T.T0158.F000.csproj", "{C5DA811E-6983-4BFB-92C7-E46016A6F71D}"
EndProject
Project("{9A19103F-16F7-4668-BE54-9A1E7A4F7556}") = "R5T.T0158.T000", "..\..\R5T.T0158\source\R5T.T0158.T000\R5T.T0158.T000.csproj", "{30B0B313-5BE7-44F2-9E9B-20738C07E66A}"
EndProject
Project("{9A19103F-16F7-4668-BE54-9A1E7A4F7556}") = "R5T.T0158", "..\..\R5T.T0158\source\R5T.T0158\R5T.T0158.csproj", "{B0779D14-91DD-4FE4-97BE-B4526746C68C}"
EndProject
Project("{9A19103F-16F7-4668-BE54-9A1E7A4F7556}") = "R5T.T0159.F000", "..\..\R5T.T0159\source\R5T.T0159.F000\R5T.T0159.F000.csproj", "{3AC0AF54-DA30-4418-8E3E-164A4DA759CC}"
EndProject
Project("{9A19103F-16F7-4668-BE54-9A1E7A4F7556}") = "R5T.T0159", "..\..\R5T.T0159\source\R5T.T0159\R5T.T0159.csproj", "{46B503CC-CA67-4735-AB88-9C197787945B}"
EndProject
Project("{9A19103F-16F7-4668-BE54-9A1E7A4F7556}") = "R5T.T0161", "..\..\R5T.T0161\source\R5T.T0161\R5T.T0161.csproj", "{3D797188-1897-4969-8498-75D8A6D22FFC}"
EndProject
Project("{9A19103F-16F7-4668-BE54-9A1E7A4F7556}") = "R5T.T0172", "..\..\R5T.T0172\source\R5T.T0172\R5T.T0172.csproj", "{7C8F5B7A-27A5-4674-B40C-39BF12FF60EE}"
EndProject
Project("{9A19103F-16F7-4668-BE54-9A1E7A4F7556}") = "R5T.T0174", "..\..\R5T.T0174\source\R5T.T0174\R5T.T0174.csproj", "{BC0E158E-59B5-4113-8CA3-88F55DD94D58}"
EndProject
Project("{9A19103F-16F7-4668-BE54-9A1E7A4F7556}") = "R5T.T0176", "..\..\R5T.T0176\source\R5T.T0176\R5T.T0176.csproj", "{A53419B9-8172-4986-A82B-85A793D7E5C3}"
EndProject
Project("{9A19103F-16F7-4668-BE54-9A1E7A4F7556}") = "R5T.T0177", "..\..\R5T.T0177\source\R5T.T0177\R5T.T0177.csproj", "{95410F3F-23D2-4888-9F9D-4332F603BA43}"
EndProject
Project("{9A19103F-16F7-4668-BE54-9A1E7A4F7556}") = "R5T.T0178", "..\..\R5T.T0178\source\R5T.T0178\R5T.T0178.csproj", "{2E0E6495-5F4B-442D-BBC0-F5AB0B475FED}"
EndProject
Project("{9A19103F-16F7-4668-BE54-9A1E7A4F7556}") = "R5T.T0179", "..\..\R5T.T0179\source\R5T.T0179\R5T.T0179.csproj", "{B5D581B0-25B3-4EE1-B1E0-5732894964BF}"
EndProject
Project("{9A19103F-16F7-4668-BE54-9A1E7A4F7556}") = "R5T.T0180", "..\..\R5T.T0180\source\R5T.T0180\R5T.T0180.csproj", "{05BEF38A-3EF3-4A0B-A481-C99D7189AD4F}"
EndProject
Project("{9A19103F-16F7-4668-BE54-9A1E7A4F7556}") = "R5T.T0181", "..\..\R5T.T0181\source\R5T.T0181\R5T.T0181.csproj", "{BA056E91-39A3-43AC-A777-C86680680B7D}"
EndProject
Project("{9A19103F-16F7-4668-BE54-9A1E7A4F7556}") = "R5T.T0184", "..\..\R5T.T0184\source\R5T.T0184\R5T.T0184.csproj", "{FC948AEE-F7B0-43C8-BD5D-07A7B49CA8A5}"
EndProject
Project("{9A19103F-16F7-4668-BE54-9A1E7A4F7556}") = "R5T.T0185", "..\..\R5T.T0185\source\R5T.T0185\R5T.T0185.csproj", "{509ED4AC-1675-47ED-AF2C-E5A05F763240}"
EndProject
Project("{9A19103F-16F7-4668-BE54-9A1E7A4F7556}") = "R5T.T0186", "..\..\R5T.T0186\source\R5T.T0186\R5T.T0186.csproj", "{163137FB-31C0-484C-B242-B3DE7C5518E7}"
EndProject
Project("{9A19103F-16F7-4668-BE54-9A1E7A4F7556}") = "R5T.T0187", "..\..\R5T.T0187\source\R5T.T0187\R5T.T0187.csproj", "{B941D5E0-3B8A-4734-84AF-90CCC15424F2}"
EndProject
Project("{9A19103F-16F7-4668-BE54-9A1E7A4F7556}") = "R5T.T0196", "..\..\R5T.T0196\source\R5T.T0196\R5T.T0196.csproj", "{0DEA935A-FDDA-48C0-B149-F03B4F888BC3}"
EndProject
Project("{9A19103F-16F7-4668-BE54-9A1E7A4F7556}") = "R5T.T0197", "..\..\R5T.T0197\source\R5T.T0197\R5T.T0197.csproj", "{2C9DC39B-784F-4495-9ED0-89EF4057956A}"
EndProject
Project("{9A19103F-16F7-4668-BE54-9A1E7A4F7556}") = "R5T.T0198", "..\..\R5T.T0198\source\R5T.T0198\R5T.T0198.csproj", "{B65CF3E7-248D-46EA-9837-04F94404C367}"
EndProject
Project("{9A19103F-16F7-4668-BE54-9A1E7A4F7556}") = "R5T.T0199", "..\..\R5T.T0199\source\R5T.T0199\R5T.T0199.csproj", "{03482DFD-2CBA-46DD-88D9-A87FD10BD4B2}"
EndProject
Project("{9A19103F-16F7-4668-BE54-9A1E7A4F7556}") = "R5T.T0200", "..\..\R5T.T0200\source\R5T.T0200\R5T.T0200.csproj", "{3548B5A3-076B-41EE-9B73-88AD489706D6}"
EndProject
Project("{9A19103F-16F7-4668-BE54-9A1E7A4F7556}") = "R5T.T0203", "..\..\R5T.T0203\source\R5T.T0203\R5T.T0203.csproj", "{67C0BA8E-7DDD-47A1-A5F6-3F2BED74B02B}"
EndProject
Project("{9A19103F-16F7-4668-BE54-9A1E7A4F7556}") = "R5T.T0213", "..\..\R5T.T0213\source\R5T.T0213\R5T.T0213.csproj", "{E3209B89-8C8A-42AA-88B6-94EA35D94B49}"
EndProject
Project("{9A19103F-16F7-4668-BE54-9A1E7A4F7556}") = "R5T.T0214.Z001", "..\..\R5T.T0214\source\R5T.T0214.Z001\R5T.T0214.Z001.csproj", "{0F43027D-67AF-4514-825A-5B55FB439A2C}"
EndProject
Project("{9A19103F-16F7-4668-BE54-9A1E7A4F7556}") = "R5T.T0214", "..\..\R5T.T0214\source\R5T.T0214\R5T.T0214.csproj", "{64AF7A0F-21B8-43EE-AF70-2F6A9475E7CE}"
EndProject
Project("{9A19103F-16F7-4668-BE54-9A1E7A4F7556}") = "R5T.T0215.Z000", "..\..\R5T.T0215\source\R5T.T0215.Z000\R5T.T0215.Z000.csproj", "{0BB64E8D-4274-4F8E-9479-7F58F5AB682C}"
EndProject
Project("{9A19103F-16F7-4668-BE54-9A1E7A4F7556}") = "R5T.T0215", "..\..\R5T.T0215\source\R5T.T0215\R5T.T0215.csproj", "{260D81AE-E094-4555-A6B5-162A385F602E}"
EndProject
Project("{9A19103F-16F7-4668-BE54-9A1E7A4F7556}") = "R5T.T0216.F001", "..\..\R5T.T0216\source\R5T.T0216.F001\R5T.T0216.F001.csproj", "{B2C9EDAC-D6D0-4C5A-9A57-CCBBFFA8369B}"
EndProject
Project("{9A19103F-16F7-4668-BE54-9A1E7A4F7556}") = "R5T.T0216", "..\..\R5T.T0216\source\R5T.T0216\R5T.T0216.csproj", "{2C83B36A-C20D-4BCB-BAEF-AB4B8D1E8D4A}"
EndProject
Project("{9A19103F-16F7-4668-BE54-9A1E7A4F7556}") = "R5T.T0217.F001", "..\..\R5T.T0217\source\R5T.T0217.F001\R5T.T0217.F001.csproj", "{2A8E977E-84BD-4220-982E-E6D171403F4B}"
EndProject
Project("{9A19103F-16F7-4668-BE54-9A1E7A4F7556}") = "R5T.T0217", "..\..\R5T.T0217\source\R5T.T0217\R5T.T0217.csproj", "{2DFF84E7-67E1-4F3C-A801-04D8FA8F23F0}"
EndProject
Project("{9A19103F-16F7-4668-BE54-9A1E7A4F7556}") = "R5T.T0218", "..\..\R5T.T0218\source\R5T.T0218\R5T.T0218.csproj", "{4CA3B341-0D9D-4D26-9E20-0A5096E81719}"
EndProject
Project("{9A19103F-16F7-4668-BE54-9A1E7A4F7556}") = "R5T.T0219", "..\..\R5T.T0219\source\R5T.T0219\R5T.T0219.csproj", "{3E24E778-F7AD-4B07-8D5B-324554E90FE6}"
EndProject
Project("{9A19103F-16F7-4668-BE54-9A1E7A4F7556}") = "R5T.T0220", "..\..\R5T.T0220\source\R5T.T0220\R5T.T0220.csproj", "{F1E9063D-8BBE-471A-8377-7C53F901EBF6}"
EndProject
Project("{9A19103F-16F7-4668-BE54-9A1E7A4F7556}") = "R5T.T0221", "..\..\R5T.T0221\source\R5T.T0221\R5T.T0221.csproj", "{B056C3C8-1804-4ECD-81A9-F8F0349DBD7E}"
EndProject
Project("{9A19103F-16F7-4668-BE54-9A1E7A4F7556}") = "R5T.T0224", "..\..\R5T.T0224\source\R5T.T0224\R5T.T0224.csproj", "{EAA668C0-8A98-4D1F-8C9D-FD81C0003056}"
EndProject
Project("{9A19103F-16F7-4668-BE54-9A1E7A4F7556}") = "R5T.T0227", "..\..\R5T.T0227\source\R5T.T0227\R5T.T0227.csproj", "{B11DD7CB-9D03-492D-9480-DFC5CAC46673}"
EndProject
Project("{9A19103F-16F7-4668-BE54-9A1E7A4F7556}") = "R5T.Y0000", "..\..\R5T.Y0000\source\R5T.Y0000\R5T.Y0000.csproj", "{3A0BE23C-E7C5-43A3-9738-A1DAE8226581}"
EndProject
Project("{9A19103F-16F7-4668-BE54-9A1E7A4F7556}") = "R5T.Y0006", "..\..\R5T.Y0006\source\R5T.Y0006\R5T.Y0006.csproj", "{42013F63-7A77-4A06-986E-7C226241C7DE}"
EndProject
Project("{9A19103F-16F7-4668-BE54-9A1E7A4F7556}") = "R5T.Z0000", "..\..\R5T.Z0000\source\R5T.Z0000\R5T.Z0000.csproj", "{4E63267B-8B63-48C5-9980-40F19233C0D1}"
EndProject
Project("{9A19103F-16F7-4668-BE54-9A1E7A4F7556}") = "R5T.Z0010.Platform", "..\..\R5T.Z0010\source\R5T.Z0010.Platform\R5T.Z0010.Platform.csproj", "{D72A0A66-B910-4130-856E-5A6EB5C1C94E}"
EndProject
Project("{9A19103F-16F7-4668-BE54-9A1E7A4F7556}") = "R5T.Z0010", "..\..\R5T.Z0010\source\R5T.Z0010\R5T.Z0010.csproj", "{4C2270F1-6D40-4E1B-BEBD-AFA41F41BD9A}"
EndProject
Project("{9A19103F-16F7-4668-BE54-9A1E7A4F7556}") = "R5T.Z0012", "..\..\R5T.Z0012\source\R5T.Z0012\R5T.Z0012.csproj", "{317B7052-EE69-499D-A118-918BEB4BC13D}"
EndProject
Project("{9A19103F-16F7-4668-BE54-9A1E7A4F7556}") = "R5T.Z0044.Z000", "..\..\R5T.Z0044\source\R5T.Z0044.Z000\R5T.Z0044.Z000.csproj", "{77A9A821-9F52-4041-9F05-315639C2740F}"
EndProject
Project("{9A19103F-16F7-4668-BE54-9A1E7A4F7556}") = "R5T.Z0046.Platform", "..\..\R5T.Z0046\source\R5T.Z0046.Platform\R5T.Z0046.Platform.csproj", "{9CEB71F4-E4B6-42B2-92EC-C99105DD6569}"
EndProject
Project("{9A19103F-16F7-4668-BE54-9A1E7A4F7556}") = "R5T.Z0046", "..\..\R5T.Z0046\source\R5T.Z0046\R5T.Z0046.csproj", "{B6D7072C-ABD2-4811-9505-2038F86286D1}"
EndProject
Project("{9A19103F-16F7-4668-BE54-9A1E7A4F7556}") = "R5T.Z0057.Platform", "..\..\R5T.Z0057\source\R5T.Z0057.Platform\R5T.Z0057.Platform.csproj", "{C4978422-ADD5-4F33-B311-02F8D48F8B2B}"
EndProject
Project("{9A19103F-16F7-4668-BE54-9A1E7A4F7556}") = "R5T.Z0057", "..\..\R5T.Z0057\source\R5T.Z0057\R5T.Z0057.csproj", "{A82943F2-576B-48FB-B2A2-ED0E6990B567}"
EndProject
Project("{9A19103F-16F7-4668-BE54-9A1E7A4F7556}") = "R5T.Z0058", "..\..\R5T.Z0058\source\R5T.Z0058\R5T.Z0058.csproj", "{BAC4C5CA-5F9E-4397-850F-B87B99CF1D36}"
EndProject
Project("{9A19103F-16F7-4668-BE54-9A1E7A4F7556}") = "R5T.Z0063.Platform", "..\..\R5T.Z0063\source\R5T.Z0063.Platform\R5T.Z0063.Platform.csproj", "{BA3EFB07-B4DF-4322-BFCF-C82D9EAA7C6A}"
EndProject
Project("{9A19103F-16F7-4668-BE54-9A1E7A4F7556}") = "R5T.Z0063", "..\..\R5T.Z0063\source\R5T.Z0063\R5T.Z0063.csproj", "{CE6621C7-042E-43B9-ABC5-71EECBB073AC}"
EndProject
Project("{9A19103F-16F7-4668-BE54-9A1E7A4F7556}") = "R5T.L0032.F000", "..\..\R5T.L0032\source\R5T.L0032.F000\R5T.L0032.F000.csproj", "{AB53E797-84E2-4AB5-AAF8-19A54E3CACFD}"
EndProject
Project("{9A19103F-16F7-4668-BE54-9A1E7A4F7556}") = "R5T.L0032.Z000", "..\..\R5T.L0032\source\R5T.L0032.Z000\R5T.L0032.Z000.csproj", "{C00EA335-A311-4563-AF70-C39606907AA0}"
EndProject
Project("{9A19103F-16F7-4668-BE54-9A1E7A4F7556}") = "R5T.L0032", "..\..\R5T.L0032\source\R5T.L0032\R5T.L0032.csproj", "{2B931151-EDF3-46D5-9FE3-E2689F099D47}"
EndProject
Project("{9A19103F-16F7-4668-BE54-9A1E7A4F7556}") = "R5T.T0202", "..\..\R5T.T0202\source\R5T.T0202\R5T.T0202.csproj", "{E7C967C7-32F7-4E0D-BF76-0981CA3BE520}"
EndProject
Project("{9A19103F-16F7-4668-BE54-9A1E7A4F7556}") = "R5T.T0205", "..\..\R5T.T0205\source\R5T.T0205\R5T.T0205.csproj", "{27CBD6AA-CD77-41C9-9B48-A028311C5B29}"
EndProject
Project("{9A19103F-16F7-4668-BE54-9A1E7A4F7556}") = "R5T.T0206", "..\..\R5T.T0206\source\R5T.T0206\R5T.T0206.csproj", "{545AEE54-EF62-419D-96AD-E5DE52DA1484}"
EndProject
Project("{9A19103F-16F7-4668-BE54-9A1E7A4F7556}") = "R5T.T0208", "..\..\R5T.T0208\source\R5T.T0208\R5T.T0208.csproj", "{A32FA4C7-0D53-429E-87B3-C44C40302081}"
EndProject
Project("{9A19103F-16F7-4668-BE54-9A1E7A4F7556}") = "R5T.T0210", "..\..\R5T.T0210\source\R5T.T0210\R5T.T0210.csproj", "{F4F5C71F-401C-44B2-8558-727A440C32CF}"
EndProject
Project("{9A19103F-16F7-4668-BE54-9A1E7A4F7556}") = "R5T.L0032.F001", "..\..\R5T.L0032\source\R5T.L0032.F001\R5T.L0032.F001.csproj", "{7927C5B3-B473-4498-9BE0-1E260F627641}"
EndProject
Project("{9A19103F-16F7-4668-BE54-9A1E7A4F7556}") = "R5T.L0032.Z001", "..\..\R5T.L0032\source\R5T.L0032.Z001\R5T.L0032.Z001.csproj", "{4CC05CD5-80EB-4C86-A8F9-47384D69A261}"
EndProject
Global
	GlobalSection(NestedProjects) = preSolution
		{34F67F3B-308C-460B-AA52-08FD08A9B950} = {69D12C25-2164-4FAB-BB23-6C022B4D31BE}
		{D10063CD-833E-4C95-A87B-44BDE94C74B8} = {69D12C25-2164-4FAB-BB23-6C022B4D31BE}
		{B33F762B-A81C-45B9-B055-2B0DFEFEDDF0} = {69D12C25-2164-4FAB-BB23-6C022B4D31BE}
		{51C60CF9-34B3-4608-B799-78C94F9A7DEE} = {69D12C25-2164-4FAB-BB23-6C022B4D31BE}
		{575F4CFD-5D5B-4632-94C1-C55CE8A0DD04} = {69D12C25-2164-4FAB-BB23-6C022B4D31BE}
		{EECF6558-6DC4-4A4D-A691-C97B5E4BDB22} = {69D12C25-2164-4FAB-BB23-6C022B4D31BE}
		{990AA171-B855-405A-8575-11FD35ABE74D} = {69D12C25-2164-4FAB-BB23-6C022B4D31BE}
		{09428A58-85B1-4A79-95BC-E33EDABD6DFF} = {69D12C25-2164-4FAB-BB23-6C022B4D31BE}
		{2911ED1E-58DF-4C00-B7B9-2B14EC06A9EE} = {69D12C25-2164-4FAB-BB23-6C022B4D31BE}
		{39F52419-EA37-4B78-8F2D-F5F97EB7B97D} = {69D12C25-2164-4FAB-BB23-6C022B4D31BE}
		{29C79C27-A078-4947-8D31-785BE558CAD1} = {69D12C25-2164-4FAB-BB23-6C022B4D31BE}
		{E705B7E2-DD90-4526-9831-2037679D413A} = {69D12C25-2164-4FAB-BB23-6C022B4D31BE}
		{A03D05B3-4AFD-4CA1-9FF1-4E87EC5E9C77} = {69D12C25-2164-4FAB-BB23-6C022B4D31BE}
		{2C72289E-B3A4-49E0-9E3D-5504C84110EE} = {69D12C25-2164-4FAB-BB23-6C022B4D31BE}
		{1EA80175-A380-45C9-A684-AD76486704AB} = {69D12C25-2164-4FAB-BB23-6C022B4D31BE}
		{A6EB04EE-E388-4A65-97CB-457B6064C9DA} = {69D12C25-2164-4FAB-BB23-6C022B4D31BE}
		{F8BD1D44-5A48-46BE-A966-B6BCF1F2BB99} = {69D12C25-2164-4FAB-BB23-6C022B4D31BE}
		{5051F5A9-E93E-4E23-8491-361854B396B3} = {69D12C25-2164-4FAB-BB23-6C022B4D31BE}
		{9C303003-3DF6-43B0-81DF-8176B6F9CE70} = {69D12C25-2164-4FAB-BB23-6C022B4D31BE}
		{BCD52DE3-05D4-42B6-9403-EBECE4B66CBF} = {69D12C25-2164-4FAB-BB23-6C022B4D31BE}
		{6C680357-84F6-4EF8-98AA-A87EED62644E} = {69D12C25-2164-4FAB-BB23-6C022B4D31BE}
		{A2269848-BBFE-48D0-9A4A-BB6A43AC7E80} = {69D12C25-2164-4FAB-BB23-6C022B4D31BE}
		{5FF998ED-8609-42B8-AE91-F407C180C582} = {69D12C25-2164-4FAB-BB23-6C022B4D31BE}
		{CC331913-0AD2-42CD-BAF6-36A01B3B14DC} = {69D12C25-2164-4FAB-BB23-6C022B4D31BE}
		{9E9ACC18-6973-4E87-936A-700E3B2C515B} = {69D12C25-2164-4FAB-BB23-6C022B4D31BE}
		{11E4037A-824D-44C1-851C-F7DC63EE862F} = {69D12C25-2164-4FAB-BB23-6C022B4D31BE}
		{CA401057-A041-401A-B6D8-4BCAF5B1C821} = {69D12C25-2164-4FAB-BB23-6C022B4D31BE}
		{B29DF0A8-27DD-44F8-A3A2-F3ED0884140D} = {69D12C25-2164-4FAB-BB23-6C022B4D31BE}
		{9EB190D3-DA83-4FE6-99F6-0A70FF6604B6} = {69D12C25-2164-4FAB-BB23-6C022B4D31BE}
		{7A79D551-3498-466A-8BB4-9FB99FE7222C} = {69D12C25-2164-4FAB-BB23-6C022B4D31BE}
		{FDE955CE-0F38-4435-9886-3D5B9593F877} = {69D12C25-2164-4FAB-BB23-6C022B4D31BE}
		{C213A4A4-62EB-4876-9BC9-283793F05B6C} = {69D12C25-2164-4FAB-BB23-6C022B4D31BE}
		{72AB83C2-4A27-418D-888B-F26084577C82} = {69D12C25-2164-4FAB-BB23-6C022B4D31BE}
		{90B59309-4C9E-4152-ABB8-8AC8841066F1} = {69D12C25-2164-4FAB-BB23-6C022B4D31BE}
		{DAE987AC-2ECD-48C9-982F-294D4DD99ECE} = {69D12C25-2164-4FAB-BB23-6C022B4D31BE}
		{4758E468-49D5-42C8-81AC-2843CD158963} = {69D12C25-2164-4FAB-BB23-6C022B4D31BE}
		{0C8F8096-8C60-445B-A8A3-A2547F02F201} = {69D12C25-2164-4FAB-BB23-6C022B4D31BE}
		{105F2FF3-49D6-4AB1-B663-A945619A52C2} = {69D12C25-2164-4FAB-BB23-6C022B4D31BE}
		{2321FBAD-B7F1-448A-B85C-4355F6B16E21} = {69D12C25-2164-4FAB-BB23-6C022B4D31BE}
		{1CF30F50-B2A7-4E36-95C8-6D7AEC8505C1} = {69D12C25-2164-4FAB-BB23-6C022B4D31BE}
		{FC9B8F50-9279-4537-A222-031F6AF96C5F} = {69D12C25-2164-4FAB-BB23-6C022B4D31BE}
		{6F2AD510-5827-4D2C-851A-77544CE70B6B} = {69D12C25-2164-4FAB-BB23-6C022B4D31BE}
		{392C4BC4-7132-454B-A005-B39E07C99641} = {69D12C25-2164-4FAB-BB23-6C022B4D31BE}
		{1C1203A5-AE73-4629-80F2-442993E46838} = {69D12C25-2164-4FAB-BB23-6C022B4D31BE}
		{F17F3879-2AA0-4D85-852F-DBF0644FBA02} = {69D12C25-2164-4FAB-BB23-6C022B4D31BE}
		{C5DA811E-6983-4BFB-92C7-E46016A6F71D} = {69D12C25-2164-4FAB-BB23-6C022B4D31BE}
		{30B0B313-5BE7-44F2-9E9B-20738C07E66A} = {69D12C25-2164-4FAB-BB23-6C022B4D31BE}
		{B0779D14-91DD-4FE4-97BE-B4526746C68C} = {69D12C25-2164-4FAB-BB23-6C022B4D31BE}
		{3AC0AF54-DA30-4418-8E3E-164A4DA759CC} = {69D12C25-2164-4FAB-BB23-6C022B4D31BE}
		{46B503CC-CA67-4735-AB88-9C197787945B} = {69D12C25-2164-4FAB-BB23-6C022B4D31BE}
		{3D797188-1897-4969-8498-75D8A6D22FFC} = {69D12C25-2164-4FAB-BB23-6C022B4D31BE}
		{7C8F5B7A-27A5-4674-B40C-39BF12FF60EE} = {69D12C25-2164-4FAB-BB23-6C022B4D31BE}
		{BC0E158E-59B5-4113-8CA3-88F55DD94D58} = {69D12C25-2164-4FAB-BB23-6C022B4D31BE}
		{A53419B9-8172-4986-A82B-85A793D7E5C3} = {69D12C25-2164-4FAB-BB23-6C022B4D31BE}
		{95410F3F-23D2-4888-9F9D-4332F603BA43} = {69D12C25-2164-4FAB-BB23-6C022B4D31BE}
		{2E0E6495-5F4B-442D-BBC0-F5AB0B475FED} = {69D12C25-2164-4FAB-BB23-6C022B4D31BE}
		{B5D581B0-25B3-4EE1-B1E0-5732894964BF} = {69D12C25-2164-4FAB-BB23-6C022B4D31BE}
		{05BEF38A-3EF3-4A0B-A481-C99D7189AD4F} = {69D12C25-2164-4FAB-BB23-6C022B4D31BE}
		{BA056E91-39A3-43AC-A777-C86680680B7D} = {69D12C25-2164-4FAB-BB23-6C022B4D31BE}
		{FC948AEE-F7B0-43C8-BD5D-07A7B49CA8A5} = {69D12C25-2164-4FAB-BB23-6C022B4D31BE}
		{509ED4AC-1675-47ED-AF2C-E5A05F763240} = {69D12C25-2164-4FAB-BB23-6C022B4D31BE}
		{163137FB-31C0-484C-B242-B3DE7C5518E7} = {69D12C25-2164-4FAB-BB23-6C022B4D31BE}
		{B941D5E0-3B8A-4734-84AF-90CCC15424F2} = {69D12C25-2164-4FAB-BB23-6C022B4D31BE}
		{0DEA935A-FDDA-48C0-B149-F03B4F888BC3} = {69D12C25-2164-4FAB-BB23-6C022B4D31BE}
		{2C9DC39B-784F-4495-9ED0-89EF4057956A} = {69D12C25-2164-4FAB-BB23-6C022B4D31BE}
		{B65CF3E7-248D-46EA-9837-04F94404C367} = {69D12C25-2164-4FAB-BB23-6C022B4D31BE}
		{03482DFD-2CBA-46DD-88D9-A87FD10BD4B2} = {69D12C25-2164-4FAB-BB23-6C022B4D31BE}
		{3548B5A3-076B-41EE-9B73-88AD489706D6} = {69D12C25-2164-4FAB-BB23-6C022B4D31BE}
		{67C0BA8E-7DDD-47A1-A5F6-3F2BED74B02B} = {69D12C25-2164-4FAB-BB23-6C022B4D31BE}
		{E3209B89-8C8A-42AA-88B6-94EA35D94B49} = {69D12C25-2164-4FAB-BB23-6C022B4D31BE}
		{0F43027D-67AF-4514-825A-5B55FB439A2C} = {69D12C25-2164-4FAB-BB23-6C022B4D31BE}
		{64AF7A0F-21B8-43EE-AF70-2F6A9475E7CE} = {69D12C25-2164-4FAB-BB23-6C022B4D31BE}
		{0BB64E8D-4274-4F8E-9479-7F58F5AB682C} = {69D12C25-2164-4FAB-BB23-6C022B4D31BE}
		{260D81AE-E094-4555-A6B5-162A385F602E} = {69D12C25-2164-4FAB-BB23-6C022B4D31BE}
		{B2C9EDAC-D6D0-4C5A-9A57-CCBBFFA8369B} = {69D12C25-2164-4FAB-BB23-6C022B4D31BE}
		{2C83B36A-C20D-4BCB-BAEF-AB4B8D1E8D4A} = {69D12C25-2164-4FAB-BB23-6C022B4D31BE}
		{2A8E977E-84BD-4220-982E-E6D171403F4B} = {69D12C25-2164-4FAB-BB23-6C022B4D31BE}
		{2DFF84E7-67E1-4F3C-A801-04D8FA8F23F0} = {69D12C25-2164-4FAB-BB23-6C022B4D31BE}
		{4CA3B341-0D9D-4D26-9E20-0A5096E81719} = {69D12C25-2164-4FAB-BB23-6C022B4D31BE}
		{3E24E778-F7AD-4B07-8D5B-324554E90FE6} = {69D12C25-2164-4FAB-BB23-6C022B4D31BE}
		{F1E9063D-8BBE-471A-8377-7C53F901EBF6} = {69D12C25-2164-4FAB-BB23-6C022B4D31BE}
		{B056C3C8-1804-4ECD-81A9-F8F0349DBD7E} = {69D12C25-2164-4FAB-BB23-6C022B4D31BE}
		{EAA668C0-8A98-4D1F-8C9D-FD81C0003056} = {69D12C25-2164-4FAB-BB23-6C022B4D31BE}
		{B11DD7CB-9D03-492D-9480-DFC5CAC46673} = {69D12C25-2164-4FAB-BB23-6C022B4D31BE}
		{3A0BE23C-E7C5-43A3-9738-A1DAE8226581} = {69D12C25-2164-4FAB-BB23-6C022B4D31BE}
		{42013F63-7A77-4A06-986E-7C226241C7DE} = {69D12C25-2164-4FAB-BB23-6C022B4D31BE}
		{4E63267B-8B63-48C5-9980-40F19233C0D1} = {69D12C25-2164-4FAB-BB23-6C022B4D31BE}
		{D72A0A66-B910-4130-856E-5A6EB5C1C94E} = {69D12C25-2164-4FAB-BB23-6C022B4D31BE}
		{4C2270F1-6D40-4E1B-BEBD-AFA41F41BD9A} = {69D12C25-2164-4FAB-BB23-6C022B4D31BE}
		{317B7052-EE69-499D-A118-918BEB4BC13D} = {69D12C25-2164-4FAB-BB23-6C022B4D31BE}
		{77A9A821-9F52-4041-9F05-315639C2740F} = {69D12C25-2164-4FAB-BB23-6C022B4D31BE}
		{9CEB71F4-E4B6-42B2-92EC-C99105DD6569} = {69D12C25-2164-4FAB-BB23-6C022B4D31BE}
		{B6D7072C-ABD2-4811-9505-2038F86286D1} = {69D12C25-2164-4FAB-BB23-6C022B4D31BE}
		{C4978422-ADD5-4F33-B311-02F8D48F8B2B} = {69D12C25-2164-4FAB-BB23-6C022B4D31BE}
		{A82943F2-576B-48FB-B2A2-ED0E6990B567} = {69D12C25-2164-4FAB-BB23-6C022B4D31BE}
		{BAC4C5CA-5F9E-4397-850F-B87B99CF1D36} = {69D12C25-2164-4FAB-BB23-6C022B4D31BE}
		{BA3EFB07-B4DF-4322-BFCF-C82D9EAA7C6A} = {69D12C25-2164-4FAB-BB23-6C022B4D31BE}
		{CE6621C7-042E-43B9-ABC5-71EECBB073AC} = {69D12C25-2164-4FAB-BB23-6C022B4D31BE}
		{AB53E797-84E2-4AB5-AAF8-19A54E3CACFD} = {69D12C25-2164-4FAB-BB23-6C022B4D31BE}
		{C00EA335-A311-4563-AF70-C39606907AA0} = {69D12C25-2164-4FAB-BB23-6C022B4D31BE}
		{2B931151-EDF3-46D5-9FE3-E2689F099D47} = {69D12C25-2164-4FAB-BB23-6C022B4D31BE}
		{E7C967C7-32F7-4E0D-BF76-0981CA3BE520} = {69D12C25-2164-4FAB-BB23-6C022B4D31BE}
		{27CBD6AA-CD77-41C9-9B48-A028311C5B29} = {69D12C25-2164-4FAB-BB23-6C022B4D31BE}
		{545AEE54-EF62-419D-96AD-E5DE52DA1484} = {69D12C25-2164-4FAB-BB23-6C022B4D31BE}
		{A32FA4C7-0D53-429E-87B3-C44C40302081} = {69D12C25-2164-4FAB-BB23-6C022B4D31BE}
		{F4F5C71F-401C-44B2-8558-727A440C32CF} = {69D12C25-2164-4FAB-BB23-6C022B4D31BE}
		{7927C5B3-B473-4498-9BE0-1E260F627641} = {69D12C25-2164-4FAB-BB23-6C022B4D31BE}
		{4CC05CD5-80EB-4C86-A8F9-47384D69A261} = {69D12C25-2164-4FAB-BB23-6C022B4D31BE}
	EndGlobalSection
	GlobalSection(SolutionConfigurationPlatforms) = preSolution
		Debug|Any CPU = Debug|Any CPU
		Release|Any CPU = Release|Any CPU
	EndGlobalSection
	GlobalSection(ProjectConfigurationPlatforms) = postSolution
		{A8DD6DC3-BD37-49B6-B771-99980FB25361}.Debug|Any CPU.ActiveCfg = Debug|Any CPU
		{A8DD6DC3-BD37-49B6-B771-99980FB25361}.Debug|Any CPU.Build.0 = Debug|Any CPU
		{A8DD6DC3-BD37-49B6-B771-99980FB25361}.Release|Any CPU.ActiveCfg = Release|Any CPU
		{A8DD6DC3-BD37-49B6-B771-99980FB25361}.Release|Any CPU.Build.0 = Release|Any CPU
		{34F67F3B-308C-460B-AA52-08FD08A9B950}.Debug|Any CPU.ActiveCfg = Debug|Any CPU
		{34F67F3B-308C-460B-AA52-08FD08A9B950}.Debug|Any CPU.Build.0 = Debug|Any CPU
		{34F67F3B-308C-460B-AA52-08FD08A9B950}.Release|Any CPU.ActiveCfg = Release|Any CPU
		{34F67F3B-308C-460B-AA52-08FD08A9B950}.Release|Any CPU.Build.0 = Release|Any CPU
		{D10063CD-833E-4C95-A87B-44BDE94C74B8}.Debug|Any CPU.ActiveCfg = Debug|Any CPU
		{D10063CD-833E-4C95-A87B-44BDE94C74B8}.Debug|Any CPU.Build.0 = Debug|Any CPU
		{D10063CD-833E-4C95-A87B-44BDE94C74B8}.Release|Any CPU.ActiveCfg = Release|Any CPU
		{D10063CD-833E-4C95-A87B-44BDE94C74B8}.Release|Any CPU.Build.0 = Release|Any CPU
		{B33F762B-A81C-45B9-B055-2B0DFEFEDDF0}.Debug|Any CPU.ActiveCfg = Debug|Any CPU
		{B33F762B-A81C-45B9-B055-2B0DFEFEDDF0}.Debug|Any CPU.Build.0 = Debug|Any CPU
		{B33F762B-A81C-45B9-B055-2B0DFEFEDDF0}.Release|Any CPU.ActiveCfg = Release|Any CPU
		{B33F762B-A81C-45B9-B055-2B0DFEFEDDF0}.Release|Any CPU.Build.0 = Release|Any CPU
		{51C60CF9-34B3-4608-B799-78C94F9A7DEE}.Debug|Any CPU.ActiveCfg = Debug|Any CPU
		{51C60CF9-34B3-4608-B799-78C94F9A7DEE}.Debug|Any CPU.Build.0 = Debug|Any CPU
		{51C60CF9-34B3-4608-B799-78C94F9A7DEE}.Release|Any CPU.ActiveCfg = Release|Any CPU
		{51C60CF9-34B3-4608-B799-78C94F9A7DEE}.Release|Any CPU.Build.0 = Release|Any CPU
		{575F4CFD-5D5B-4632-94C1-C55CE8A0DD04}.Debug|Any CPU.ActiveCfg = Debug|Any CPU
		{575F4CFD-5D5B-4632-94C1-C55CE8A0DD04}.Debug|Any CPU.Build.0 = Debug|Any CPU
		{575F4CFD-5D5B-4632-94C1-C55CE8A0DD04}.Release|Any CPU.ActiveCfg = Release|Any CPU
		{575F4CFD-5D5B-4632-94C1-C55CE8A0DD04}.Release|Any CPU.Build.0 = Release|Any CPU
		{EECF6558-6DC4-4A4D-A691-C97B5E4BDB22}.Debug|Any CPU.ActiveCfg = Debug|Any CPU
		{EECF6558-6DC4-4A4D-A691-C97B5E4BDB22}.Debug|Any CPU.Build.0 = Debug|Any CPU
		{EECF6558-6DC4-4A4D-A691-C97B5E4BDB22}.Release|Any CPU.ActiveCfg = Release|Any CPU
		{EECF6558-6DC4-4A4D-A691-C97B5E4BDB22}.Release|Any CPU.Build.0 = Release|Any CPU
		{990AA171-B855-405A-8575-11FD35ABE74D}.Debug|Any CPU.ActiveCfg = Debug|Any CPU
		{990AA171-B855-405A-8575-11FD35ABE74D}.Debug|Any CPU.Build.0 = Debug|Any CPU
		{990AA171-B855-405A-8575-11FD35ABE74D}.Release|Any CPU.ActiveCfg = Release|Any CPU
		{990AA171-B855-405A-8575-11FD35ABE74D}.Release|Any CPU.Build.0 = Release|Any CPU
		{09428A58-85B1-4A79-95BC-E33EDABD6DFF}.Debug|Any CPU.ActiveCfg = Debug|Any CPU
		{09428A58-85B1-4A79-95BC-E33EDABD6DFF}.Debug|Any CPU.Build.0 = Debug|Any CPU
		{09428A58-85B1-4A79-95BC-E33EDABD6DFF}.Release|Any CPU.ActiveCfg = Release|Any CPU
		{09428A58-85B1-4A79-95BC-E33EDABD6DFF}.Release|Any CPU.Build.0 = Release|Any CPU
		{2911ED1E-58DF-4C00-B7B9-2B14EC06A9EE}.Debug|Any CPU.ActiveCfg = Debug|Any CPU
		{2911ED1E-58DF-4C00-B7B9-2B14EC06A9EE}.Debug|Any CPU.Build.0 = Debug|Any CPU
		{2911ED1E-58DF-4C00-B7B9-2B14EC06A9EE}.Release|Any CPU.ActiveCfg = Release|Any CPU
		{2911ED1E-58DF-4C00-B7B9-2B14EC06A9EE}.Release|Any CPU.Build.0 = Release|Any CPU
		{39F52419-EA37-4B78-8F2D-F5F97EB7B97D}.Debug|Any CPU.ActiveCfg = Debug|Any CPU
		{39F52419-EA37-4B78-8F2D-F5F97EB7B97D}.Debug|Any CPU.Build.0 = Debug|Any CPU
		{39F52419-EA37-4B78-8F2D-F5F97EB7B97D}.Release|Any CPU.ActiveCfg = Release|Any CPU
		{39F52419-EA37-4B78-8F2D-F5F97EB7B97D}.Release|Any CPU.Build.0 = Release|Any CPU
		{29C79C27-A078-4947-8D31-785BE558CAD1}.Debug|Any CPU.ActiveCfg = Debug|Any CPU
		{29C79C27-A078-4947-8D31-785BE558CAD1}.Debug|Any CPU.Build.0 = Debug|Any CPU
		{29C79C27-A078-4947-8D31-785BE558CAD1}.Release|Any CPU.ActiveCfg = Release|Any CPU
		{29C79C27-A078-4947-8D31-785BE558CAD1}.Release|Any CPU.Build.0 = Release|Any CPU
		{E705B7E2-DD90-4526-9831-2037679D413A}.Debug|Any CPU.ActiveCfg = Debug|Any CPU
		{E705B7E2-DD90-4526-9831-2037679D413A}.Debug|Any CPU.Build.0 = Debug|Any CPU
		{E705B7E2-DD90-4526-9831-2037679D413A}.Release|Any CPU.ActiveCfg = Release|Any CPU
		{E705B7E2-DD90-4526-9831-2037679D413A}.Release|Any CPU.Build.0 = Release|Any CPU
		{A03D05B3-4AFD-4CA1-9FF1-4E87EC5E9C77}.Debug|Any CPU.ActiveCfg = Debug|Any CPU
		{A03D05B3-4AFD-4CA1-9FF1-4E87EC5E9C77}.Debug|Any CPU.Build.0 = Debug|Any CPU
		{A03D05B3-4AFD-4CA1-9FF1-4E87EC5E9C77}.Release|Any CPU.ActiveCfg = Release|Any CPU
		{A03D05B3-4AFD-4CA1-9FF1-4E87EC5E9C77}.Release|Any CPU.Build.0 = Release|Any CPU
		{2C72289E-B3A4-49E0-9E3D-5504C84110EE}.Debug|Any CPU.ActiveCfg = Debug|Any CPU
		{2C72289E-B3A4-49E0-9E3D-5504C84110EE}.Debug|Any CPU.Build.0 = Debug|Any CPU
		{2C72289E-B3A4-49E0-9E3D-5504C84110EE}.Release|Any CPU.ActiveCfg = Release|Any CPU
		{2C72289E-B3A4-49E0-9E3D-5504C84110EE}.Release|Any CPU.Build.0 = Release|Any CPU
		{1EA80175-A380-45C9-A684-AD76486704AB}.Debug|Any CPU.ActiveCfg = Debug|Any CPU
		{1EA80175-A380-45C9-A684-AD76486704AB}.Debug|Any CPU.Build.0 = Debug|Any CPU
		{1EA80175-A380-45C9-A684-AD76486704AB}.Release|Any CPU.ActiveCfg = Release|Any CPU
		{1EA80175-A380-45C9-A684-AD76486704AB}.Release|Any CPU.Build.0 = Release|Any CPU
		{A6EB04EE-E388-4A65-97CB-457B6064C9DA}.Debug|Any CPU.ActiveCfg = Debug|Any CPU
		{A6EB04EE-E388-4A65-97CB-457B6064C9DA}.Debug|Any CPU.Build.0 = Debug|Any CPU
		{A6EB04EE-E388-4A65-97CB-457B6064C9DA}.Release|Any CPU.ActiveCfg = Release|Any CPU
		{A6EB04EE-E388-4A65-97CB-457B6064C9DA}.Release|Any CPU.Build.0 = Release|Any CPU
		{F8BD1D44-5A48-46BE-A966-B6BCF1F2BB99}.Debug|Any CPU.ActiveCfg = Debug|Any CPU
		{F8BD1D44-5A48-46BE-A966-B6BCF1F2BB99}.Debug|Any CPU.Build.0 = Debug|Any CPU
		{F8BD1D44-5A48-46BE-A966-B6BCF1F2BB99}.Release|Any CPU.ActiveCfg = Release|Any CPU
		{F8BD1D44-5A48-46BE-A966-B6BCF1F2BB99}.Release|Any CPU.Build.0 = Release|Any CPU
		{5051F5A9-E93E-4E23-8491-361854B396B3}.Debug|Any CPU.ActiveCfg = Debug|Any CPU
		{5051F5A9-E93E-4E23-8491-361854B396B3}.Debug|Any CPU.Build.0 = Debug|Any CPU
		{5051F5A9-E93E-4E23-8491-361854B396B3}.Release|Any CPU.ActiveCfg = Release|Any CPU
		{5051F5A9-E93E-4E23-8491-361854B396B3}.Release|Any CPU.Build.0 = Release|Any CPU
		{9C303003-3DF6-43B0-81DF-8176B6F9CE70}.Debug|Any CPU.ActiveCfg = Debug|Any CPU
		{9C303003-3DF6-43B0-81DF-8176B6F9CE70}.Debug|Any CPU.Build.0 = Debug|Any CPU
		{9C303003-3DF6-43B0-81DF-8176B6F9CE70}.Release|Any CPU.ActiveCfg = Release|Any CPU
		{9C303003-3DF6-43B0-81DF-8176B6F9CE70}.Release|Any CPU.Build.0 = Release|Any CPU
		{BCD52DE3-05D4-42B6-9403-EBECE4B66CBF}.Debug|Any CPU.ActiveCfg = Debug|Any CPU
		{BCD52DE3-05D4-42B6-9403-EBECE4B66CBF}.Debug|Any CPU.Build.0 = Debug|Any CPU
		{BCD52DE3-05D4-42B6-9403-EBECE4B66CBF}.Release|Any CPU.ActiveCfg = Release|Any CPU
		{BCD52DE3-05D4-42B6-9403-EBECE4B66CBF}.Release|Any CPU.Build.0 = Release|Any CPU
		{6C680357-84F6-4EF8-98AA-A87EED62644E}.Debug|Any CPU.ActiveCfg = Debug|Any CPU
		{6C680357-84F6-4EF8-98AA-A87EED62644E}.Debug|Any CPU.Build.0 = Debug|Any CPU
		{6C680357-84F6-4EF8-98AA-A87EED62644E}.Release|Any CPU.ActiveCfg = Release|Any CPU
		{6C680357-84F6-4EF8-98AA-A87EED62644E}.Release|Any CPU.Build.0 = Release|Any CPU
		{A2269848-BBFE-48D0-9A4A-BB6A43AC7E80}.Debug|Any CPU.ActiveCfg = Debug|Any CPU
		{A2269848-BBFE-48D0-9A4A-BB6A43AC7E80}.Debug|Any CPU.Build.0 = Debug|Any CPU
		{A2269848-BBFE-48D0-9A4A-BB6A43AC7E80}.Release|Any CPU.ActiveCfg = Release|Any CPU
		{A2269848-BBFE-48D0-9A4A-BB6A43AC7E80}.Release|Any CPU.Build.0 = Release|Any CPU
		{5FF998ED-8609-42B8-AE91-F407C180C582}.Debug|Any CPU.ActiveCfg = Debug|Any CPU
		{5FF998ED-8609-42B8-AE91-F407C180C582}.Debug|Any CPU.Build.0 = Debug|Any CPU
		{5FF998ED-8609-42B8-AE91-F407C180C582}.Release|Any CPU.ActiveCfg = Release|Any CPU
		{5FF998ED-8609-42B8-AE91-F407C180C582}.Release|Any CPU.Build.0 = Release|Any CPU
		{CC331913-0AD2-42CD-BAF6-36A01B3B14DC}.Debug|Any CPU.ActiveCfg = Debug|Any CPU
		{CC331913-0AD2-42CD-BAF6-36A01B3B14DC}.Debug|Any CPU.Build.0 = Debug|Any CPU
		{CC331913-0AD2-42CD-BAF6-36A01B3B14DC}.Release|Any CPU.ActiveCfg = Release|Any CPU
		{CC331913-0AD2-42CD-BAF6-36A01B3B14DC}.Release|Any CPU.Build.0 = Release|Any CPU
		{9E9ACC18-6973-4E87-936A-700E3B2C515B}.Debug|Any CPU.ActiveCfg = Debug|Any CPU
		{9E9ACC18-6973-4E87-936A-700E3B2C515B}.Debug|Any CPU.Build.0 = Debug|Any CPU
		{9E9ACC18-6973-4E87-936A-700E3B2C515B}.Release|Any CPU.ActiveCfg = Release|Any CPU
		{9E9ACC18-6973-4E87-936A-700E3B2C515B}.Release|Any CPU.Build.0 = Release|Any CPU
		{11E4037A-824D-44C1-851C-F7DC63EE862F}.Debug|Any CPU.ActiveCfg = Debug|Any CPU
		{11E4037A-824D-44C1-851C-F7DC63EE862F}.Debug|Any CPU.Build.0 = Debug|Any CPU
		{11E4037A-824D-44C1-851C-F7DC63EE862F}.Release|Any CPU.ActiveCfg = Release|Any CPU
		{11E4037A-824D-44C1-851C-F7DC63EE862F}.Release|Any CPU.Build.0 = Release|Any CPU
		{CA401057-A041-401A-B6D8-4BCAF5B1C821}.Debug|Any CPU.ActiveCfg = Debug|Any CPU
		{CA401057-A041-401A-B6D8-4BCAF5B1C821}.Debug|Any CPU.Build.0 = Debug|Any CPU
		{CA401057-A041-401A-B6D8-4BCAF5B1C821}.Release|Any CPU.ActiveCfg = Release|Any CPU
		{CA401057-A041-401A-B6D8-4BCAF5B1C821}.Release|Any CPU.Build.0 = Release|Any CPU
		{B29DF0A8-27DD-44F8-A3A2-F3ED0884140D}.Debug|Any CPU.ActiveCfg = Debug|Any CPU
		{B29DF0A8-27DD-44F8-A3A2-F3ED0884140D}.Debug|Any CPU.Build.0 = Debug|Any CPU
		{B29DF0A8-27DD-44F8-A3A2-F3ED0884140D}.Release|Any CPU.ActiveCfg = Release|Any CPU
		{B29DF0A8-27DD-44F8-A3A2-F3ED0884140D}.Release|Any CPU.Build.0 = Release|Any CPU
		{9EB190D3-DA83-4FE6-99F6-0A70FF6604B6}.Debug|Any CPU.ActiveCfg = Debug|Any CPU
		{9EB190D3-DA83-4FE6-99F6-0A70FF6604B6}.Debug|Any CPU.Build.0 = Debug|Any CPU
		{9EB190D3-DA83-4FE6-99F6-0A70FF6604B6}.Release|Any CPU.ActiveCfg = Release|Any CPU
		{9EB190D3-DA83-4FE6-99F6-0A70FF6604B6}.Release|Any CPU.Build.0 = Release|Any CPU
		{7A79D551-3498-466A-8BB4-9FB99FE7222C}.Debug|Any CPU.ActiveCfg = Debug|Any CPU
		{7A79D551-3498-466A-8BB4-9FB99FE7222C}.Debug|Any CPU.Build.0 = Debug|Any CPU
		{7A79D551-3498-466A-8BB4-9FB99FE7222C}.Release|Any CPU.ActiveCfg = Release|Any CPU
		{7A79D551-3498-466A-8BB4-9FB99FE7222C}.Release|Any CPU.Build.0 = Release|Any CPU
		{FDE955CE-0F38-4435-9886-3D5B9593F877}.Debug|Any CPU.ActiveCfg = Debug|Any CPU
		{FDE955CE-0F38-4435-9886-3D5B9593F877}.Debug|Any CPU.Build.0 = Debug|Any CPU
		{FDE955CE-0F38-4435-9886-3D5B9593F877}.Release|Any CPU.ActiveCfg = Release|Any CPU
		{FDE955CE-0F38-4435-9886-3D5B9593F877}.Release|Any CPU.Build.0 = Release|Any CPU
		{C213A4A4-62EB-4876-9BC9-283793F05B6C}.Debug|Any CPU.ActiveCfg = Debug|Any CPU
		{C213A4A4-62EB-4876-9BC9-283793F05B6C}.Debug|Any CPU.Build.0 = Debug|Any CPU
		{C213A4A4-62EB-4876-9BC9-283793F05B6C}.Release|Any CPU.ActiveCfg = Release|Any CPU
		{C213A4A4-62EB-4876-9BC9-283793F05B6C}.Release|Any CPU.Build.0 = Release|Any CPU
		{72AB83C2-4A27-418D-888B-F26084577C82}.Debug|Any CPU.ActiveCfg = Debug|Any CPU
		{72AB83C2-4A27-418D-888B-F26084577C82}.Debug|Any CPU.Build.0 = Debug|Any CPU
		{72AB83C2-4A27-418D-888B-F26084577C82}.Release|Any CPU.ActiveCfg = Release|Any CPU
		{72AB83C2-4A27-418D-888B-F26084577C82}.Release|Any CPU.Build.0 = Release|Any CPU
		{90B59309-4C9E-4152-ABB8-8AC8841066F1}.Debug|Any CPU.ActiveCfg = Debug|Any CPU
		{90B59309-4C9E-4152-ABB8-8AC8841066F1}.Debug|Any CPU.Build.0 = Debug|Any CPU
		{90B59309-4C9E-4152-ABB8-8AC8841066F1}.Release|Any CPU.ActiveCfg = Release|Any CPU
		{90B59309-4C9E-4152-ABB8-8AC8841066F1}.Release|Any CPU.Build.0 = Release|Any CPU
		{DAE987AC-2ECD-48C9-982F-294D4DD99ECE}.Debug|Any CPU.ActiveCfg = Debug|Any CPU
		{DAE987AC-2ECD-48C9-982F-294D4DD99ECE}.Debug|Any CPU.Build.0 = Debug|Any CPU
		{DAE987AC-2ECD-48C9-982F-294D4DD99ECE}.Release|Any CPU.ActiveCfg = Release|Any CPU
		{DAE987AC-2ECD-48C9-982F-294D4DD99ECE}.Release|Any CPU.Build.0 = Release|Any CPU
		{4758E468-49D5-42C8-81AC-2843CD158963}.Debug|Any CPU.ActiveCfg = Debug|Any CPU
		{4758E468-49D5-42C8-81AC-2843CD158963}.Debug|Any CPU.Build.0 = Debug|Any CPU
		{4758E468-49D5-42C8-81AC-2843CD158963}.Release|Any CPU.ActiveCfg = Release|Any CPU
		{4758E468-49D5-42C8-81AC-2843CD158963}.Release|Any CPU.Build.0 = Release|Any CPU
		{0C8F8096-8C60-445B-A8A3-A2547F02F201}.Debug|Any CPU.ActiveCfg = Debug|Any CPU
		{0C8F8096-8C60-445B-A8A3-A2547F02F201}.Debug|Any CPU.Build.0 = Debug|Any CPU
		{0C8F8096-8C60-445B-A8A3-A2547F02F201}.Release|Any CPU.ActiveCfg = Release|Any CPU
		{0C8F8096-8C60-445B-A8A3-A2547F02F201}.Release|Any CPU.Build.0 = Release|Any CPU
		{105F2FF3-49D6-4AB1-B663-A945619A52C2}.Debug|Any CPU.ActiveCfg = Debug|Any CPU
		{105F2FF3-49D6-4AB1-B663-A945619A52C2}.Debug|Any CPU.Build.0 = Debug|Any CPU
		{105F2FF3-49D6-4AB1-B663-A945619A52C2}.Release|Any CPU.ActiveCfg = Release|Any CPU
		{105F2FF3-49D6-4AB1-B663-A945619A52C2}.Release|Any CPU.Build.0 = Release|Any CPU
		{2321FBAD-B7F1-448A-B85C-4355F6B16E21}.Debug|Any CPU.ActiveCfg = Debug|Any CPU
		{2321FBAD-B7F1-448A-B85C-4355F6B16E21}.Debug|Any CPU.Build.0 = Debug|Any CPU
		{2321FBAD-B7F1-448A-B85C-4355F6B16E21}.Release|Any CPU.ActiveCfg = Release|Any CPU
		{2321FBAD-B7F1-448A-B85C-4355F6B16E21}.Release|Any CPU.Build.0 = Release|Any CPU
		{1CF30F50-B2A7-4E36-95C8-6D7AEC8505C1}.Debug|Any CPU.ActiveCfg = Debug|Any CPU
		{1CF30F50-B2A7-4E36-95C8-6D7AEC8505C1}.Debug|Any CPU.Build.0 = Debug|Any CPU
		{1CF30F50-B2A7-4E36-95C8-6D7AEC8505C1}.Release|Any CPU.ActiveCfg = Release|Any CPU
		{1CF30F50-B2A7-4E36-95C8-6D7AEC8505C1}.Release|Any CPU.Build.0 = Release|Any CPU
		{FC9B8F50-9279-4537-A222-031F6AF96C5F}.Debug|Any CPU.ActiveCfg = Debug|Any CPU
		{FC9B8F50-9279-4537-A222-031F6AF96C5F}.Debug|Any CPU.Build.0 = Debug|Any CPU
		{FC9B8F50-9279-4537-A222-031F6AF96C5F}.Release|Any CPU.ActiveCfg = Release|Any CPU
		{FC9B8F50-9279-4537-A222-031F6AF96C5F}.Release|Any CPU.Build.0 = Release|Any CPU
		{6F2AD510-5827-4D2C-851A-77544CE70B6B}.Debug|Any CPU.ActiveCfg = Debug|Any CPU
		{6F2AD510-5827-4D2C-851A-77544CE70B6B}.Debug|Any CPU.Build.0 = Debug|Any CPU
		{6F2AD510-5827-4D2C-851A-77544CE70B6B}.Release|Any CPU.ActiveCfg = Release|Any CPU
		{6F2AD510-5827-4D2C-851A-77544CE70B6B}.Release|Any CPU.Build.0 = Release|Any CPU
		{392C4BC4-7132-454B-A005-B39E07C99641}.Debug|Any CPU.ActiveCfg = Debug|Any CPU
		{392C4BC4-7132-454B-A005-B39E07C99641}.Debug|Any CPU.Build.0 = Debug|Any CPU
		{392C4BC4-7132-454B-A005-B39E07C99641}.Release|Any CPU.ActiveCfg = Release|Any CPU
		{392C4BC4-7132-454B-A005-B39E07C99641}.Release|Any CPU.Build.0 = Release|Any CPU
		{1C1203A5-AE73-4629-80F2-442993E46838}.Debug|Any CPU.ActiveCfg = Debug|Any CPU
		{1C1203A5-AE73-4629-80F2-442993E46838}.Debug|Any CPU.Build.0 = Debug|Any CPU
		{1C1203A5-AE73-4629-80F2-442993E46838}.Release|Any CPU.ActiveCfg = Release|Any CPU
		{1C1203A5-AE73-4629-80F2-442993E46838}.Release|Any CPU.Build.0 = Release|Any CPU
		{F17F3879-2AA0-4D85-852F-DBF0644FBA02}.Debug|Any CPU.ActiveCfg = Debug|Any CPU
		{F17F3879-2AA0-4D85-852F-DBF0644FBA02}.Debug|Any CPU.Build.0 = Debug|Any CPU
		{F17F3879-2AA0-4D85-852F-DBF0644FBA02}.Release|Any CPU.ActiveCfg = Release|Any CPU
		{F17F3879-2AA0-4D85-852F-DBF0644FBA02}.Release|Any CPU.Build.0 = Release|Any CPU
		{C5DA811E-6983-4BFB-92C7-E46016A6F71D}.Debug|Any CPU.ActiveCfg = Debug|Any CPU
		{C5DA811E-6983-4BFB-92C7-E46016A6F71D}.Debug|Any CPU.Build.0 = Debug|Any CPU
		{C5DA811E-6983-4BFB-92C7-E46016A6F71D}.Release|Any CPU.ActiveCfg = Release|Any CPU
		{C5DA811E-6983-4BFB-92C7-E46016A6F71D}.Release|Any CPU.Build.0 = Release|Any CPU
		{30B0B313-5BE7-44F2-9E9B-20738C07E66A}.Debug|Any CPU.ActiveCfg = Debug|Any CPU
		{30B0B313-5BE7-44F2-9E9B-20738C07E66A}.Debug|Any CPU.Build.0 = Debug|Any CPU
		{30B0B313-5BE7-44F2-9E9B-20738C07E66A}.Release|Any CPU.ActiveCfg = Release|Any CPU
		{30B0B313-5BE7-44F2-9E9B-20738C07E66A}.Release|Any CPU.Build.0 = Release|Any CPU
		{B0779D14-91DD-4FE4-97BE-B4526746C68C}.Debug|Any CPU.ActiveCfg = Debug|Any CPU
		{B0779D14-91DD-4FE4-97BE-B4526746C68C}.Debug|Any CPU.Build.0 = Debug|Any CPU
		{B0779D14-91DD-4FE4-97BE-B4526746C68C}.Release|Any CPU.ActiveCfg = Release|Any CPU
		{B0779D14-91DD-4FE4-97BE-B4526746C68C}.Release|Any CPU.Build.0 = Release|Any CPU
		{3AC0AF54-DA30-4418-8E3E-164A4DA759CC}.Debug|Any CPU.ActiveCfg = Debug|Any CPU
		{3AC0AF54-DA30-4418-8E3E-164A4DA759CC}.Debug|Any CPU.Build.0 = Debug|Any CPU
		{3AC0AF54-DA30-4418-8E3E-164A4DA759CC}.Release|Any CPU.ActiveCfg = Release|Any CPU
		{3AC0AF54-DA30-4418-8E3E-164A4DA759CC}.Release|Any CPU.Build.0 = Release|Any CPU
		{46B503CC-CA67-4735-AB88-9C197787945B}.Debug|Any CPU.ActiveCfg = Debug|Any CPU
		{46B503CC-CA67-4735-AB88-9C197787945B}.Debug|Any CPU.Build.0 = Debug|Any CPU
		{46B503CC-CA67-4735-AB88-9C197787945B}.Release|Any CPU.ActiveCfg = Release|Any CPU
		{46B503CC-CA67-4735-AB88-9C197787945B}.Release|Any CPU.Build.0 = Release|Any CPU
		{3D797188-1897-4969-8498-75D8A6D22FFC}.Debug|Any CPU.ActiveCfg = Debug|Any CPU
		{3D797188-1897-4969-8498-75D8A6D22FFC}.Debug|Any CPU.Build.0 = Debug|Any CPU
		{3D797188-1897-4969-8498-75D8A6D22FFC}.Release|Any CPU.ActiveCfg = Release|Any CPU
		{3D797188-1897-4969-8498-75D8A6D22FFC}.Release|Any CPU.Build.0 = Release|Any CPU
		{7C8F5B7A-27A5-4674-B40C-39BF12FF60EE}.Debug|Any CPU.ActiveCfg = Debug|Any CPU
		{7C8F5B7A-27A5-4674-B40C-39BF12FF60EE}.Debug|Any CPU.Build.0 = Debug|Any CPU
		{7C8F5B7A-27A5-4674-B40C-39BF12FF60EE}.Release|Any CPU.ActiveCfg = Release|Any CPU
		{7C8F5B7A-27A5-4674-B40C-39BF12FF60EE}.Release|Any CPU.Build.0 = Release|Any CPU
		{BC0E158E-59B5-4113-8CA3-88F55DD94D58}.Debug|Any CPU.ActiveCfg = Debug|Any CPU
		{BC0E158E-59B5-4113-8CA3-88F55DD94D58}.Debug|Any CPU.Build.0 = Debug|Any CPU
		{BC0E158E-59B5-4113-8CA3-88F55DD94D58}.Release|Any CPU.ActiveCfg = Release|Any CPU
		{BC0E158E-59B5-4113-8CA3-88F55DD94D58}.Release|Any CPU.Build.0 = Release|Any CPU
		{A53419B9-8172-4986-A82B-85A793D7E5C3}.Debug|Any CPU.ActiveCfg = Debug|Any CPU
		{A53419B9-8172-4986-A82B-85A793D7E5C3}.Debug|Any CPU.Build.0 = Debug|Any CPU
		{A53419B9-8172-4986-A82B-85A793D7E5C3}.Release|Any CPU.ActiveCfg = Release|Any CPU
		{A53419B9-8172-4986-A82B-85A793D7E5C3}.Release|Any CPU.Build.0 = Release|Any CPU
		{95410F3F-23D2-4888-9F9D-4332F603BA43}.Debug|Any CPU.ActiveCfg = Debug|Any CPU
		{95410F3F-23D2-4888-9F9D-4332F603BA43}.Debug|Any CPU.Build.0 = Debug|Any CPU
		{95410F3F-23D2-4888-9F9D-4332F603BA43}.Release|Any CPU.ActiveCfg = Release|Any CPU
		{95410F3F-23D2-4888-9F9D-4332F603BA43}.Release|Any CPU.Build.0 = Release|Any CPU
		{2E0E6495-5F4B-442D-BBC0-F5AB0B475FED}.Debug|Any CPU.ActiveCfg = Debug|Any CPU
		{2E0E6495-5F4B-442D-BBC0-F5AB0B475FED}.Debug|Any CPU.Build.0 = Debug|Any CPU
		{2E0E6495-5F4B-442D-BBC0-F5AB0B475FED}.Release|Any CPU.ActiveCfg = Release|Any CPU
		{2E0E6495-5F4B-442D-BBC0-F5AB0B475FED}.Release|Any CPU.Build.0 = Release|Any CPU
		{B5D581B0-25B3-4EE1-B1E0-5732894964BF}.Debug|Any CPU.ActiveCfg = Debug|Any CPU
		{B5D581B0-25B3-4EE1-B1E0-5732894964BF}.Debug|Any CPU.Build.0 = Debug|Any CPU
		{B5D581B0-25B3-4EE1-B1E0-5732894964BF}.Release|Any CPU.ActiveCfg = Release|Any CPU
		{B5D581B0-25B3-4EE1-B1E0-5732894964BF}.Release|Any CPU.Build.0 = Release|Any CPU
		{05BEF38A-3EF3-4A0B-A481-C99D7189AD4F}.Debug|Any CPU.ActiveCfg = Debug|Any CPU
		{05BEF38A-3EF3-4A0B-A481-C99D7189AD4F}.Debug|Any CPU.Build.0 = Debug|Any CPU
		{05BEF38A-3EF3-4A0B-A481-C99D7189AD4F}.Release|Any CPU.ActiveCfg = Release|Any CPU
		{05BEF38A-3EF3-4A0B-A481-C99D7189AD4F}.Release|Any CPU.Build.0 = Release|Any CPU
		{BA056E91-39A3-43AC-A777-C86680680B7D}.Debug|Any CPU.ActiveCfg = Debug|Any CPU
		{BA056E91-39A3-43AC-A777-C86680680B7D}.Debug|Any CPU.Build.0 = Debug|Any CPU
		{BA056E91-39A3-43AC-A777-C86680680B7D}.Release|Any CPU.ActiveCfg = Release|Any CPU
		{BA056E91-39A3-43AC-A777-C86680680B7D}.Release|Any CPU.Build.0 = Release|Any CPU
		{FC948AEE-F7B0-43C8-BD5D-07A7B49CA8A5}.Debug|Any CPU.ActiveCfg = Debug|Any CPU
		{FC948AEE-F7B0-43C8-BD5D-07A7B49CA8A5}.Debug|Any CPU.Build.0 = Debug|Any CPU
		{FC948AEE-F7B0-43C8-BD5D-07A7B49CA8A5}.Release|Any CPU.ActiveCfg = Release|Any CPU
		{FC948AEE-F7B0-43C8-BD5D-07A7B49CA8A5}.Release|Any CPU.Build.0 = Release|Any CPU
		{509ED4AC-1675-47ED-AF2C-E5A05F763240}.Debug|Any CPU.ActiveCfg = Debug|Any CPU
		{509ED4AC-1675-47ED-AF2C-E5A05F763240}.Debug|Any CPU.Build.0 = Debug|Any CPU
		{509ED4AC-1675-47ED-AF2C-E5A05F763240}.Release|Any CPU.ActiveCfg = Release|Any CPU
		{509ED4AC-1675-47ED-AF2C-E5A05F763240}.Release|Any CPU.Build.0 = Release|Any CPU
		{163137FB-31C0-484C-B242-B3DE7C5518E7}.Debug|Any CPU.ActiveCfg = Debug|Any CPU
		{163137FB-31C0-484C-B242-B3DE7C5518E7}.Debug|Any CPU.Build.0 = Debug|Any CPU
		{163137FB-31C0-484C-B242-B3DE7C5518E7}.Release|Any CPU.ActiveCfg = Release|Any CPU
		{163137FB-31C0-484C-B242-B3DE7C5518E7}.Release|Any CPU.Build.0 = Release|Any CPU
		{B941D5E0-3B8A-4734-84AF-90CCC15424F2}.Debug|Any CPU.ActiveCfg = Debug|Any CPU
		{B941D5E0-3B8A-4734-84AF-90CCC15424F2}.Debug|Any CPU.Build.0 = Debug|Any CPU
		{B941D5E0-3B8A-4734-84AF-90CCC15424F2}.Release|Any CPU.ActiveCfg = Release|Any CPU
		{B941D5E0-3B8A-4734-84AF-90CCC15424F2}.Release|Any CPU.Build.0 = Release|Any CPU
		{0DEA935A-FDDA-48C0-B149-F03B4F888BC3}.Debug|Any CPU.ActiveCfg = Debug|Any CPU
		{0DEA935A-FDDA-48C0-B149-F03B4F888BC3}.Debug|Any CPU.Build.0 = Debug|Any CPU
		{0DEA935A-FDDA-48C0-B149-F03B4F888BC3}.Release|Any CPU.ActiveCfg = Release|Any CPU
		{0DEA935A-FDDA-48C0-B149-F03B4F888BC3}.Release|Any CPU.Build.0 = Release|Any CPU
		{2C9DC39B-784F-4495-9ED0-89EF4057956A}.Debug|Any CPU.ActiveCfg = Debug|Any CPU
		{2C9DC39B-784F-4495-9ED0-89EF4057956A}.Debug|Any CPU.Build.0 = Debug|Any CPU
		{2C9DC39B-784F-4495-9ED0-89EF4057956A}.Release|Any CPU.ActiveCfg = Release|Any CPU
		{2C9DC39B-784F-4495-9ED0-89EF4057956A}.Release|Any CPU.Build.0 = Release|Any CPU
		{B65CF3E7-248D-46EA-9837-04F94404C367}.Debug|Any CPU.ActiveCfg = Debug|Any CPU
		{B65CF3E7-248D-46EA-9837-04F94404C367}.Debug|Any CPU.Build.0 = Debug|Any CPU
		{B65CF3E7-248D-46EA-9837-04F94404C367}.Release|Any CPU.ActiveCfg = Release|Any CPU
		{B65CF3E7-248D-46EA-9837-04F94404C367}.Release|Any CPU.Build.0 = Release|Any CPU
		{03482DFD-2CBA-46DD-88D9-A87FD10BD4B2}.Debug|Any CPU.ActiveCfg = Debug|Any CPU
		{03482DFD-2CBA-46DD-88D9-A87FD10BD4B2}.Debug|Any CPU.Build.0 = Debug|Any CPU
		{03482DFD-2CBA-46DD-88D9-A87FD10BD4B2}.Release|Any CPU.ActiveCfg = Release|Any CPU
		{03482DFD-2CBA-46DD-88D9-A87FD10BD4B2}.Release|Any CPU.Build.0 = Release|Any CPU
		{3548B5A3-076B-41EE-9B73-88AD489706D6}.Debug|Any CPU.ActiveCfg = Debug|Any CPU
		{3548B5A3-076B-41EE-9B73-88AD489706D6}.Debug|Any CPU.Build.0 = Debug|Any CPU
		{3548B5A3-076B-41EE-9B73-88AD489706D6}.Release|Any CPU.ActiveCfg = Release|Any CPU
		{3548B5A3-076B-41EE-9B73-88AD489706D6}.Release|Any CPU.Build.0 = Release|Any CPU
		{67C0BA8E-7DDD-47A1-A5F6-3F2BED74B02B}.Debug|Any CPU.ActiveCfg = Debug|Any CPU
		{67C0BA8E-7DDD-47A1-A5F6-3F2BED74B02B}.Debug|Any CPU.Build.0 = Debug|Any CPU
		{67C0BA8E-7DDD-47A1-A5F6-3F2BED74B02B}.Release|Any CPU.ActiveCfg = Release|Any CPU
		{67C0BA8E-7DDD-47A1-A5F6-3F2BED74B02B}.Release|Any CPU.Build.0 = Release|Any CPU
		{E3209B89-8C8A-42AA-88B6-94EA35D94B49}.Debug|Any CPU.ActiveCfg = Debug|Any CPU
		{E3209B89-8C8A-42AA-88B6-94EA35D94B49}.Debug|Any CPU.Build.0 = Debug|Any CPU
		{E3209B89-8C8A-42AA-88B6-94EA35D94B49}.Release|Any CPU.ActiveCfg = Release|Any CPU
		{E3209B89-8C8A-42AA-88B6-94EA35D94B49}.Release|Any CPU.Build.0 = Release|Any CPU
		{0F43027D-67AF-4514-825A-5B55FB439A2C}.Debug|Any CPU.ActiveCfg = Debug|Any CPU
		{0F43027D-67AF-4514-825A-5B55FB439A2C}.Debug|Any CPU.Build.0 = Debug|Any CPU
		{0F43027D-67AF-4514-825A-5B55FB439A2C}.Release|Any CPU.ActiveCfg = Release|Any CPU
		{0F43027D-67AF-4514-825A-5B55FB439A2C}.Release|Any CPU.Build.0 = Release|Any CPU
		{64AF7A0F-21B8-43EE-AF70-2F6A9475E7CE}.Debug|Any CPU.ActiveCfg = Debug|Any CPU
		{64AF7A0F-21B8-43EE-AF70-2F6A9475E7CE}.Debug|Any CPU.Build.0 = Debug|Any CPU
		{64AF7A0F-21B8-43EE-AF70-2F6A9475E7CE}.Release|Any CPU.ActiveCfg = Release|Any CPU
		{64AF7A0F-21B8-43EE-AF70-2F6A9475E7CE}.Release|Any CPU.Build.0 = Release|Any CPU
		{0BB64E8D-4274-4F8E-9479-7F58F5AB682C}.Debug|Any CPU.ActiveCfg = Debug|Any CPU
		{0BB64E8D-4274-4F8E-9479-7F58F5AB682C}.Debug|Any CPU.Build.0 = Debug|Any CPU
		{0BB64E8D-4274-4F8E-9479-7F58F5AB682C}.Release|Any CPU.ActiveCfg = Release|Any CPU
		{0BB64E8D-4274-4F8E-9479-7F58F5AB682C}.Release|Any CPU.Build.0 = Release|Any CPU
		{260D81AE-E094-4555-A6B5-162A385F602E}.Debug|Any CPU.ActiveCfg = Debug|Any CPU
		{260D81AE-E094-4555-A6B5-162A385F602E}.Debug|Any CPU.Build.0 = Debug|Any CPU
		{260D81AE-E094-4555-A6B5-162A385F602E}.Release|Any CPU.ActiveCfg = Release|Any CPU
		{260D81AE-E094-4555-A6B5-162A385F602E}.Release|Any CPU.Build.0 = Release|Any CPU
		{B2C9EDAC-D6D0-4C5A-9A57-CCBBFFA8369B}.Debug|Any CPU.ActiveCfg = Debug|Any CPU
		{B2C9EDAC-D6D0-4C5A-9A57-CCBBFFA8369B}.Debug|Any CPU.Build.0 = Debug|Any CPU
		{B2C9EDAC-D6D0-4C5A-9A57-CCBBFFA8369B}.Release|Any CPU.ActiveCfg = Release|Any CPU
		{B2C9EDAC-D6D0-4C5A-9A57-CCBBFFA8369B}.Release|Any CPU.Build.0 = Release|Any CPU
		{2C83B36A-C20D-4BCB-BAEF-AB4B8D1E8D4A}.Debug|Any CPU.ActiveCfg = Debug|Any CPU
		{2C83B36A-C20D-4BCB-BAEF-AB4B8D1E8D4A}.Debug|Any CPU.Build.0 = Debug|Any CPU
		{2C83B36A-C20D-4BCB-BAEF-AB4B8D1E8D4A}.Release|Any CPU.ActiveCfg = Release|Any CPU
		{2C83B36A-C20D-4BCB-BAEF-AB4B8D1E8D4A}.Release|Any CPU.Build.0 = Release|Any CPU
		{2A8E977E-84BD-4220-982E-E6D171403F4B}.Debug|Any CPU.ActiveCfg = Debug|Any CPU
		{2A8E977E-84BD-4220-982E-E6D171403F4B}.Debug|Any CPU.Build.0 = Debug|Any CPU
		{2A8E977E-84BD-4220-982E-E6D171403F4B}.Release|Any CPU.ActiveCfg = Release|Any CPU
		{2A8E977E-84BD-4220-982E-E6D171403F4B}.Release|Any CPU.Build.0 = Release|Any CPU
		{2DFF84E7-67E1-4F3C-A801-04D8FA8F23F0}.Debug|Any CPU.ActiveCfg = Debug|Any CPU
		{2DFF84E7-67E1-4F3C-A801-04D8FA8F23F0}.Debug|Any CPU.Build.0 = Debug|Any CPU
		{2DFF84E7-67E1-4F3C-A801-04D8FA8F23F0}.Release|Any CPU.ActiveCfg = Release|Any CPU
		{2DFF84E7-67E1-4F3C-A801-04D8FA8F23F0}.Release|Any CPU.Build.0 = Release|Any CPU
		{4CA3B341-0D9D-4D26-9E20-0A5096E81719}.Debug|Any CPU.ActiveCfg = Debug|Any CPU
		{4CA3B341-0D9D-4D26-9E20-0A5096E81719}.Debug|Any CPU.Build.0 = Debug|Any CPU
		{4CA3B341-0D9D-4D26-9E20-0A5096E81719}.Release|Any CPU.ActiveCfg = Release|Any CPU
		{4CA3B341-0D9D-4D26-9E20-0A5096E81719}.Release|Any CPU.Build.0 = Release|Any CPU
		{3E24E778-F7AD-4B07-8D5B-324554E90FE6}.Debug|Any CPU.ActiveCfg = Debug|Any CPU
		{3E24E778-F7AD-4B07-8D5B-324554E90FE6}.Debug|Any CPU.Build.0 = Debug|Any CPU
		{3E24E778-F7AD-4B07-8D5B-324554E90FE6}.Release|Any CPU.ActiveCfg = Release|Any CPU
		{3E24E778-F7AD-4B07-8D5B-324554E90FE6}.Release|Any CPU.Build.0 = Release|Any CPU
		{F1E9063D-8BBE-471A-8377-7C53F901EBF6}.Debug|Any CPU.ActiveCfg = Debug|Any CPU
		{F1E9063D-8BBE-471A-8377-7C53F901EBF6}.Debug|Any CPU.Build.0 = Debug|Any CPU
		{F1E9063D-8BBE-471A-8377-7C53F901EBF6}.Release|Any CPU.ActiveCfg = Release|Any CPU
		{F1E9063D-8BBE-471A-8377-7C53F901EBF6}.Release|Any CPU.Build.0 = Release|Any CPU
		{B056C3C8-1804-4ECD-81A9-F8F0349DBD7E}.Debug|Any CPU.ActiveCfg = Debug|Any CPU
		{B056C3C8-1804-4ECD-81A9-F8F0349DBD7E}.Debug|Any CPU.Build.0 = Debug|Any CPU
		{B056C3C8-1804-4ECD-81A9-F8F0349DBD7E}.Release|Any CPU.ActiveCfg = Release|Any CPU
		{B056C3C8-1804-4ECD-81A9-F8F0349DBD7E}.Release|Any CPU.Build.0 = Release|Any CPU
		{EAA668C0-8A98-4D1F-8C9D-FD81C0003056}.Debug|Any CPU.ActiveCfg = Debug|Any CPU
		{EAA668C0-8A98-4D1F-8C9D-FD81C0003056}.Debug|Any CPU.Build.0 = Debug|Any CPU
		{EAA668C0-8A98-4D1F-8C9D-FD81C0003056}.Release|Any CPU.ActiveCfg = Release|Any CPU
		{EAA668C0-8A98-4D1F-8C9D-FD81C0003056}.Release|Any CPU.Build.0 = Release|Any CPU
		{B11DD7CB-9D03-492D-9480-DFC5CAC46673}.Debug|Any CPU.ActiveCfg = Debug|Any CPU
		{B11DD7CB-9D03-492D-9480-DFC5CAC46673}.Debug|Any CPU.Build.0 = Debug|Any CPU
		{B11DD7CB-9D03-492D-9480-DFC5CAC46673}.Release|Any CPU.ActiveCfg = Release|Any CPU
		{B11DD7CB-9D03-492D-9480-DFC5CAC46673}.Release|Any CPU.Build.0 = Release|Any CPU
		{3A0BE23C-E7C5-43A3-9738-A1DAE8226581}.Debug|Any CPU.ActiveCfg = Debug|Any CPU
		{3A0BE23C-E7C5-43A3-9738-A1DAE8226581}.Debug|Any CPU.Build.0 = Debug|Any CPU
		{3A0BE23C-E7C5-43A3-9738-A1DAE8226581}.Release|Any CPU.ActiveCfg = Release|Any CPU
		{3A0BE23C-E7C5-43A3-9738-A1DAE8226581}.Release|Any CPU.Build.0 = Release|Any CPU
		{42013F63-7A77-4A06-986E-7C226241C7DE}.Debug|Any CPU.ActiveCfg = Debug|Any CPU
		{42013F63-7A77-4A06-986E-7C226241C7DE}.Debug|Any CPU.Build.0 = Debug|Any CPU
		{42013F63-7A77-4A06-986E-7C226241C7DE}.Release|Any CPU.ActiveCfg = Release|Any CPU
		{42013F63-7A77-4A06-986E-7C226241C7DE}.Release|Any CPU.Build.0 = Release|Any CPU
		{4E63267B-8B63-48C5-9980-40F19233C0D1}.Debug|Any CPU.ActiveCfg = Debug|Any CPU
		{4E63267B-8B63-48C5-9980-40F19233C0D1}.Debug|Any CPU.Build.0 = Debug|Any CPU
		{4E63267B-8B63-48C5-9980-40F19233C0D1}.Release|Any CPU.ActiveCfg = Release|Any CPU
		{4E63267B-8B63-48C5-9980-40F19233C0D1}.Release|Any CPU.Build.0 = Release|Any CPU
		{D72A0A66-B910-4130-856E-5A6EB5C1C94E}.Debug|Any CPU.ActiveCfg = Debug|Any CPU
		{D72A0A66-B910-4130-856E-5A6EB5C1C94E}.Debug|Any CPU.Build.0 = Debug|Any CPU
		{D72A0A66-B910-4130-856E-5A6EB5C1C94E}.Release|Any CPU.ActiveCfg = Release|Any CPU
		{D72A0A66-B910-4130-856E-5A6EB5C1C94E}.Release|Any CPU.Build.0 = Release|Any CPU
		{4C2270F1-6D40-4E1B-BEBD-AFA41F41BD9A}.Debug|Any CPU.ActiveCfg = Debug|Any CPU
		{4C2270F1-6D40-4E1B-BEBD-AFA41F41BD9A}.Debug|Any CPU.Build.0 = Debug|Any CPU
		{4C2270F1-6D40-4E1B-BEBD-AFA41F41BD9A}.Release|Any CPU.ActiveCfg = Release|Any CPU
		{4C2270F1-6D40-4E1B-BEBD-AFA41F41BD9A}.Release|Any CPU.Build.0 = Release|Any CPU
		{317B7052-EE69-499D-A118-918BEB4BC13D}.Debug|Any CPU.ActiveCfg = Debug|Any CPU
		{317B7052-EE69-499D-A118-918BEB4BC13D}.Debug|Any CPU.Build.0 = Debug|Any CPU
		{317B7052-EE69-499D-A118-918BEB4BC13D}.Release|Any CPU.ActiveCfg = Release|Any CPU
		{317B7052-EE69-499D-A118-918BEB4BC13D}.Release|Any CPU.Build.0 = Release|Any CPU
		{77A9A821-9F52-4041-9F05-315639C2740F}.Debug|Any CPU.ActiveCfg = Debug|Any CPU
		{77A9A821-9F52-4041-9F05-315639C2740F}.Debug|Any CPU.Build.0 = Debug|Any CPU
		{77A9A821-9F52-4041-9F05-315639C2740F}.Release|Any CPU.ActiveCfg = Release|Any CPU
		{77A9A821-9F52-4041-9F05-315639C2740F}.Release|Any CPU.Build.0 = Release|Any CPU
		{9CEB71F4-E4B6-42B2-92EC-C99105DD6569}.Debug|Any CPU.ActiveCfg = Debug|Any CPU
		{9CEB71F4-E4B6-42B2-92EC-C99105DD6569}.Debug|Any CPU.Build.0 = Debug|Any CPU
		{9CEB71F4-E4B6-42B2-92EC-C99105DD6569}.Release|Any CPU.ActiveCfg = Release|Any CPU
		{9CEB71F4-E4B6-42B2-92EC-C99105DD6569}.Release|Any CPU.Build.0 = Release|Any CPU
		{B6D7072C-ABD2-4811-9505-2038F86286D1}.Debug|Any CPU.ActiveCfg = Debug|Any CPU
		{B6D7072C-ABD2-4811-9505-2038F86286D1}.Debug|Any CPU.Build.0 = Debug|Any CPU
		{B6D7072C-ABD2-4811-9505-2038F86286D1}.Release|Any CPU.ActiveCfg = Release|Any CPU
		{B6D7072C-ABD2-4811-9505-2038F86286D1}.Release|Any CPU.Build.0 = Release|Any CPU
		{C4978422-ADD5-4F33-B311-02F8D48F8B2B}.Debug|Any CPU.ActiveCfg = Debug|Any CPU
		{C4978422-ADD5-4F33-B311-02F8D48F8B2B}.Debug|Any CPU.Build.0 = Debug|Any CPU
		{C4978422-ADD5-4F33-B311-02F8D48F8B2B}.Release|Any CPU.ActiveCfg = Release|Any CPU
		{C4978422-ADD5-4F33-B311-02F8D48F8B2B}.Release|Any CPU.Build.0 = Release|Any CPU
		{A82943F2-576B-48FB-B2A2-ED0E6990B567}.Debug|Any CPU.ActiveCfg = Debug|Any CPU
		{A82943F2-576B-48FB-B2A2-ED0E6990B567}.Debug|Any CPU.Build.0 = Debug|Any CPU
		{A82943F2-576B-48FB-B2A2-ED0E6990B567}.Release|Any CPU.ActiveCfg = Release|Any CPU
		{A82943F2-576B-48FB-B2A2-ED0E6990B567}.Release|Any CPU.Build.0 = Release|Any CPU
		{BAC4C5CA-5F9E-4397-850F-B87B99CF1D36}.Debug|Any CPU.ActiveCfg = Debug|Any CPU
		{BAC4C5CA-5F9E-4397-850F-B87B99CF1D36}.Debug|Any CPU.Build.0 = Debug|Any CPU
		{BAC4C5CA-5F9E-4397-850F-B87B99CF1D36}.Release|Any CPU.ActiveCfg = Release|Any CPU
		{BAC4C5CA-5F9E-4397-850F-B87B99CF1D36}.Release|Any CPU.Build.0 = Release|Any CPU
		{BA3EFB07-B4DF-4322-BFCF-C82D9EAA7C6A}.Debug|Any CPU.ActiveCfg = Debug|Any CPU
		{BA3EFB07-B4DF-4322-BFCF-C82D9EAA7C6A}.Debug|Any CPU.Build.0 = Debug|Any CPU
		{BA3EFB07-B4DF-4322-BFCF-C82D9EAA7C6A}.Release|Any CPU.ActiveCfg = Release|Any CPU
		{BA3EFB07-B4DF-4322-BFCF-C82D9EAA7C6A}.Release|Any CPU.Build.0 = Release|Any CPU
		{CE6621C7-042E-43B9-ABC5-71EECBB073AC}.Debug|Any CPU.ActiveCfg = Debug|Any CPU
		{CE6621C7-042E-43B9-ABC5-71EECBB073AC}.Debug|Any CPU.Build.0 = Debug|Any CPU
		{CE6621C7-042E-43B9-ABC5-71EECBB073AC}.Release|Any CPU.ActiveCfg = Release|Any CPU
		{CE6621C7-042E-43B9-ABC5-71EECBB073AC}.Release|Any CPU.Build.0 = Release|Any CPU
		{AB53E797-84E2-4AB5-AAF8-19A54E3CACFD}.Debug|Any CPU.ActiveCfg = Debug|Any CPU
		{AB53E797-84E2-4AB5-AAF8-19A54E3CACFD}.Debug|Any CPU.Build.0 = Debug|Any CPU
		{AB53E797-84E2-4AB5-AAF8-19A54E3CACFD}.Release|Any CPU.ActiveCfg = Release|Any CPU
		{AB53E797-84E2-4AB5-AAF8-19A54E3CACFD}.Release|Any CPU.Build.0 = Release|Any CPU
		{C00EA335-A311-4563-AF70-C39606907AA0}.Debug|Any CPU.ActiveCfg = Debug|Any CPU
		{C00EA335-A311-4563-AF70-C39606907AA0}.Debug|Any CPU.Build.0 = Debug|Any CPU
		{C00EA335-A311-4563-AF70-C39606907AA0}.Release|Any CPU.ActiveCfg = Release|Any CPU
		{C00EA335-A311-4563-AF70-C39606907AA0}.Release|Any CPU.Build.0 = Release|Any CPU
		{2B931151-EDF3-46D5-9FE3-E2689F099D47}.Debug|Any CPU.ActiveCfg = Debug|Any CPU
		{2B931151-EDF3-46D5-9FE3-E2689F099D47}.Debug|Any CPU.Build.0 = Debug|Any CPU
		{2B931151-EDF3-46D5-9FE3-E2689F099D47}.Release|Any CPU.ActiveCfg = Release|Any CPU
		{2B931151-EDF3-46D5-9FE3-E2689F099D47}.Release|Any CPU.Build.0 = Release|Any CPU
		{E7C967C7-32F7-4E0D-BF76-0981CA3BE520}.Debug|Any CPU.ActiveCfg = Debug|Any CPU
		{E7C967C7-32F7-4E0D-BF76-0981CA3BE520}.Debug|Any CPU.Build.0 = Debug|Any CPU
		{E7C967C7-32F7-4E0D-BF76-0981CA3BE520}.Release|Any CPU.ActiveCfg = Release|Any CPU
		{E7C967C7-32F7-4E0D-BF76-0981CA3BE520}.Release|Any CPU.Build.0 = Release|Any CPU
		{27CBD6AA-CD77-41C9-9B48-A028311C5B29}.Debug|Any CPU.ActiveCfg = Debug|Any CPU
		{27CBD6AA-CD77-41C9-9B48-A028311C5B29}.Debug|Any CPU.Build.0 = Debug|Any CPU
		{27CBD6AA-CD77-41C9-9B48-A028311C5B29}.Release|Any CPU.ActiveCfg = Release|Any CPU
		{27CBD6AA-CD77-41C9-9B48-A028311C5B29}.Release|Any CPU.Build.0 = Release|Any CPU
		{545AEE54-EF62-419D-96AD-E5DE52DA1484}.Debug|Any CPU.ActiveCfg = Debug|Any CPU
		{545AEE54-EF62-419D-96AD-E5DE52DA1484}.Debug|Any CPU.Build.0 = Debug|Any CPU
		{545AEE54-EF62-419D-96AD-E5DE52DA1484}.Release|Any CPU.ActiveCfg = Release|Any CPU
		{545AEE54-EF62-419D-96AD-E5DE52DA1484}.Release|Any CPU.Build.0 = Release|Any CPU
		{A32FA4C7-0D53-429E-87B3-C44C40302081}.Debug|Any CPU.ActiveCfg = Debug|Any CPU
		{A32FA4C7-0D53-429E-87B3-C44C40302081}.Debug|Any CPU.Build.0 = Debug|Any CPU
		{A32FA4C7-0D53-429E-87B3-C44C40302081}.Release|Any CPU.ActiveCfg = Release|Any CPU
		{A32FA4C7-0D53-429E-87B3-C44C40302081}.Release|Any CPU.Build.0 = Release|Any CPU
		{F4F5C71F-401C-44B2-8558-727A440C32CF}.Debug|Any CPU.ActiveCfg = Debug|Any CPU
		{F4F5C71F-401C-44B2-8558-727A440C32CF}.Debug|Any CPU.Build.0 = Debug|Any CPU
		{F4F5C71F-401C-44B2-8558-727A440C32CF}.Release|Any CPU.ActiveCfg = Release|Any CPU
		{F4F5C71F-401C-44B2-8558-727A440C32CF}.Release|Any CPU.Build.0 = Release|Any CPU
		{7927C5B3-B473-4498-9BE0-1E260F627641}.Debug|Any CPU.ActiveCfg = Debug|Any CPU
		{7927C5B3-B473-4498-9BE0-1E260F627641}.Debug|Any CPU.Build.0 = Debug|Any CPU
		{7927C5B3-B473-4498-9BE0-1E260F627641}.Release|Any CPU.ActiveCfg = Release|Any CPU
		{7927C5B3-B473-4498-9BE0-1E260F627641}.Release|Any CPU.Build.0 = Release|Any CPU
		{4CC05CD5-80EB-4C86-A8F9-47384D69A261}.Debug|Any CPU.ActiveCfg = Debug|Any CPU
		{4CC05CD5-80EB-4C86-A8F9-47384D69A261}.Debug|Any CPU.Build.0 = Debug|Any CPU
		{4CC05CD5-80EB-4C86-A8F9-47384D69A261}.Release|Any CPU.ActiveCfg = Release|Any CPU
		{4CC05CD5-80EB-4C86-A8F9-47384D69A261}.Release|Any CPU.Build.0 = Release|Any CPU
	EndGlobalSection
	GlobalSection(SolutionProperties) = preSolution
		HideSolutionNode = FALSE
	EndGlobalSection
	GlobalSection(ExtensibilityGlobals) = postSolution
		SolutionGuid = {8AEAD3DF-2A00-4700-BD3C-7DB4783F8966}
	EndGlobalSection
EndGlobal
